// !$*UTF8*$!
{
	archiveVersion = 1;
	classes = {
	};
	objectVersion = 56;
	objects = {

/* Begin PBXBuildFile section */
		48881BDE29056D5A0096FAF8 /* AppDelegate.swift in Sources */ = {isa = PBXBuildFile; fileRef = 48881BDD29056D5A0096FAF8 /* AppDelegate.swift */; };
		48881BE029056D5A0096FAF8 /* SceneDelegate.swift in Sources */ = {isa = PBXBuildFile; fileRef = 48881BDF29056D5A0096FAF8 /* SceneDelegate.swift */; };
		48881BE229056D5A0096FAF8 /* ViewController.swift in Sources */ = {isa = PBXBuildFile; fileRef = 48881BE129056D5A0096FAF8 /* ViewController.swift */; };
		48881BE529056D5A0096FAF8 /* Main.storyboard in Resources */ = {isa = PBXBuildFile; fileRef = 48881BE329056D5A0096FAF8 /* Main.storyboard */; };
		48881BE729056D5D0096FAF8 /* Assets.xcassets in Resources */ = {isa = PBXBuildFile; fileRef = 48881BE629056D5D0096FAF8 /* Assets.xcassets */; };
		48881BEA29056D5D0096FAF8 /* LaunchScreen.storyboard in Resources */ = {isa = PBXBuildFile; fileRef = 48881BE829056D5D0096FAF8 /* LaunchScreen.storyboard */; };
		48881BF529056D5D0096FAF8 /* zemogaMobileiOSTests.swift in Sources */ = {isa = PBXBuildFile; fileRef = 48881BF429056D5D0096FAF8 /* zemogaMobileiOSTests.swift */; };
		48881BFF29056D5D0096FAF8 /* zemogaMobileiOSUITests.swift in Sources */ = {isa = PBXBuildFile; fileRef = 48881BFE29056D5D0096FAF8 /* zemogaMobileiOSUITests.swift */; };
		48881C0129056D5D0096FAF8 /* zemogaMobileiOSUITestsLaunchTests.swift in Sources */ = {isa = PBXBuildFile; fileRef = 48881C0029056D5D0096FAF8 /* zemogaMobileiOSUITestsLaunchTests.swift */; };
/* End PBXBuildFile section */

/* Begin PBXContainerItemProxy section */
		48881BF129056D5D0096FAF8 /* PBXContainerItemProxy */ = {
			isa = PBXContainerItemProxy;
			containerPortal = 48881BD229056D5A0096FAF8 /* Project object */;
			proxyType = 1;
			remoteGlobalIDString = 48881BD929056D5A0096FAF8;
			remoteInfo = zemogaMobileiOS;
		};
		48881BFB29056D5D0096FAF8 /* PBXContainerItemProxy */ = {
			isa = PBXContainerItemProxy;
			containerPortal = 48881BD229056D5A0096FAF8 /* Project object */;
			proxyType = 1;
			remoteGlobalIDString = 48881BD929056D5A0096FAF8;
			remoteInfo = zemogaMobileiOS;
		};
/* End PBXContainerItemProxy section */

/* Begin PBXFileReference section */
		48881BDA29056D5A0096FAF8 /* zemogaMobileiOS.app */ = {isa = PBXFileReference; explicitFileType = wrapper.application; includeInIndex = 0; path = zemogaMobileiOS.app; sourceTree = BUILT_PRODUCTS_DIR; };
		48881BDD29056D5A0096FAF8 /* AppDelegate.swift */ = {isa = PBXFileReference; lastKnownFileType = sourcecode.swift; path = AppDelegate.swift; sourceTree = "<group>"; };
		48881BDF29056D5A0096FAF8 /* SceneDelegate.swift */ = {isa = PBXFileReference; lastKnownFileType = sourcecode.swift; path = SceneDelegate.swift; sourceTree = "<group>"; };
		48881BE129056D5A0096FAF8 /* ViewController.swift */ = {isa = PBXFileReference; lastKnownFileType = sourcecode.swift; path = ViewController.swift; sourceTree = "<group>"; };
		48881BE429056D5A0096FAF8 /* Base */ = {isa = PBXFileReference; lastKnownFileType = file.storyboard; name = Base; path = Base.lproj/Main.storyboard; sourceTree = "<group>"; };
		48881BE629056D5D0096FAF8 /* Assets.xcassets */ = {isa = PBXFileReference; lastKnownFileType = folder.assetcatalog; path = Assets.xcassets; sourceTree = "<group>"; };
		48881BE929056D5D0096FAF8 /* Base */ = {isa = PBXFileReference; lastKnownFileType = file.storyboard; name = Base; path = Base.lproj/LaunchScreen.storyboard; sourceTree = "<group>"; };
		48881BEB29056D5D0096FAF8 /* Info.plist */ = {isa = PBXFileReference; lastKnownFileType = text.plist.xml; path = Info.plist; sourceTree = "<group>"; };
		48881BF029056D5D0096FAF8 /* zemogaMobileiOSTests.xctest */ = {isa = PBXFileReference; explicitFileType = wrapper.cfbundle; includeInIndex = 0; path = zemogaMobileiOSTests.xctest; sourceTree = BUILT_PRODUCTS_DIR; };
		48881BF429056D5D0096FAF8 /* zemogaMobileiOSTests.swift */ = {isa = PBXFileReference; lastKnownFileType = sourcecode.swift; path = zemogaMobileiOSTests.swift; sourceTree = "<group>"; };
		48881BFA29056D5D0096FAF8 /* zemogaMobileiOSUITests.xctest */ = {isa = PBXFileReference; explicitFileType = wrapper.cfbundle; includeInIndex = 0; path = zemogaMobileiOSUITests.xctest; sourceTree = BUILT_PRODUCTS_DIR; };
		48881BFE29056D5D0096FAF8 /* zemogaMobileiOSUITests.swift */ = {isa = PBXFileReference; lastKnownFileType = sourcecode.swift; path = zemogaMobileiOSUITests.swift; sourceTree = "<group>"; };
		48881C0029056D5D0096FAF8 /* zemogaMobileiOSUITestsLaunchTests.swift */ = {isa = PBXFileReference; lastKnownFileType = sourcecode.swift; path = zemogaMobileiOSUITestsLaunchTests.swift; sourceTree = "<group>"; };
/* End PBXFileReference section */

/* Begin PBXFrameworksBuildPhase section */
		48881BD729056D5A0096FAF8 /* Frameworks */ = {
			isa = PBXFrameworksBuildPhase;
			buildActionMask = 2147483647;
			files = (
			);
			runOnlyForDeploymentPostprocessing = 0;
		};
		48881BED29056D5D0096FAF8 /* Frameworks */ = {
			isa = PBXFrameworksBuildPhase;
			buildActionMask = 2147483647;
			files = (
			);
			runOnlyForDeploymentPostprocessing = 0;
		};
		48881BF729056D5D0096FAF8 /* Frameworks */ = {
			isa = PBXFrameworksBuildPhase;
			buildActionMask = 2147483647;
			files = (
			);
			runOnlyForDeploymentPostprocessing = 0;
		};
/* End PBXFrameworksBuildPhase section */

/* Begin PBXGroup section */
		48881BD129056D5A0096FAF8 = {
			isa = PBXGroup;
			children = (
				48881BDC29056D5A0096FAF8 /* zemogaMobileiOS */,
				48881BF329056D5D0096FAF8 /* zemogaMobileiOSTests */,
				48881BFD29056D5D0096FAF8 /* zemogaMobileiOSUITests */,
				48881BDB29056D5A0096FAF8 /* Products */,
			);
			sourceTree = "<group>";
		};
		48881BDB29056D5A0096FAF8 /* Products */ = {
			isa = PBXGroup;
			children = (
				48881BDA29056D5A0096FAF8 /* zemogaMobileiOS.app */,
				48881BF029056D5D0096FAF8 /* zemogaMobileiOSTests.xctest */,
				48881BFA29056D5D0096FAF8 /* zemogaMobileiOSUITests.xctest */,
			);
			name = Products;
			sourceTree = "<group>";
		};
		48881BDC29056D5A0096FAF8 /* zemogaMobileiOS */ = {
			isa = PBXGroup;
			children = (
				48881BDD29056D5A0096FAF8 /* AppDelegate.swift */,
				48881BDF29056D5A0096FAF8 /* SceneDelegate.swift */,
				48881BE129056D5A0096FAF8 /* ViewController.swift */,
				48881BE329056D5A0096FAF8 /* Main.storyboard */,
				48881BE629056D5D0096FAF8 /* Assets.xcassets */,
				48881BE829056D5D0096FAF8 /* LaunchScreen.storyboard */,
				48881BEB29056D5D0096FAF8 /* Info.plist */,
			);
			path = zemogaMobileiOS;
			sourceTree = "<group>";
		};
		48881BF329056D5D0096FAF8 /* zemogaMobileiOSTests */ = {
			isa = PBXGroup;
			children = (
				48881BF429056D5D0096FAF8 /* zemogaMobileiOSTests.swift */,
			);
			path = zemogaMobileiOSTests;
			sourceTree = "<group>";
		};
		48881BFD29056D5D0096FAF8 /* zemogaMobileiOSUITests */ = {
			isa = PBXGroup;
			children = (
				48881BFE29056D5D0096FAF8 /* zemogaMobileiOSUITests.swift */,
				48881C0029056D5D0096FAF8 /* zemogaMobileiOSUITestsLaunchTests.swift */,
			);
			path = zemogaMobileiOSUITests;
			sourceTree = "<group>";
		};
/* End PBXGroup section */

/* Begin PBXNativeTarget section */
		48881BD929056D5A0096FAF8 /* zemogaMobileiOS */ = {
			isa = PBXNativeTarget;
			buildConfigurationList = 48881C0429056D5D0096FAF8 /* Build configuration list for PBXNativeTarget "zemogaMobileiOS" */;
			buildPhases = (
				48881BD629056D5A0096FAF8 /* Sources */,
				48881BD729056D5A0096FAF8 /* Frameworks */,
				48881BD829056D5A0096FAF8 /* Resources */,
			);
			buildRules = (
			);
			dependencies = (
			);
			name = zemogaMobileiOS;
			productName = zemogaMobileiOS;
			productReference = 48881BDA29056D5A0096FAF8 /* zemogaMobileiOS.app */;
			productType = "com.apple.product-type.application";
		};
		48881BEF29056D5D0096FAF8 /* zemogaMobileiOSTests */ = {
			isa = PBXNativeTarget;
			buildConfigurationList = 48881C0729056D5D0096FAF8 /* Build configuration list for PBXNativeTarget "zemogaMobileiOSTests" */;
			buildPhases = (
				48881BEC29056D5D0096FAF8 /* Sources */,
				48881BED29056D5D0096FAF8 /* Frameworks */,
				48881BEE29056D5D0096FAF8 /* Resources */,
			);
			buildRules = (
			);
			dependencies = (
				48881BF229056D5D0096FAF8 /* PBXTargetDependency */,
			);
			name = zemogaMobileiOSTests;
			productName = zemogaMobileiOSTests;
			productReference = 48881BF029056D5D0096FAF8 /* zemogaMobileiOSTests.xctest */;
			productType = "com.apple.product-type.bundle.unit-test";
		};
		48881BF929056D5D0096FAF8 /* zemogaMobileiOSUITests */ = {
			isa = PBXNativeTarget;
			buildConfigurationList = 48881C0A29056D5D0096FAF8 /* Build configuration list for PBXNativeTarget "zemogaMobileiOSUITests" */;
			buildPhases = (
				48881BF629056D5D0096FAF8 /* Sources */,
				48881BF729056D5D0096FAF8 /* Frameworks */,
				48881BF829056D5D0096FAF8 /* Resources */,
			);
			buildRules = (
			);
			dependencies = (
				48881BFC29056D5D0096FAF8 /* PBXTargetDependency */,
			);
			name = zemogaMobileiOSUITests;
			productName = zemogaMobileiOSUITests;
			productReference = 48881BFA29056D5D0096FAF8 /* zemogaMobileiOSUITests.xctest */;
			productType = "com.apple.product-type.bundle.ui-testing";
		};
/* End PBXNativeTarget section */

/* Begin PBXProject section */
		48881BD229056D5A0096FAF8 /* Project object */ = {
			isa = PBXProject;
			attributes = {
				BuildIndependentTargetsInParallel = 1;
				LastSwiftUpdateCheck = 1400;
				LastUpgradeCheck = 1400;
				TargetAttributes = {
					48881BD929056D5A0096FAF8 = {
						CreatedOnToolsVersion = 14.0.1;
					};
					48881BEF29056D5D0096FAF8 = {
						CreatedOnToolsVersion = 14.0.1;
						TestTargetID = 48881BD929056D5A0096FAF8;
					};
					48881BF929056D5D0096FAF8 = {
						CreatedOnToolsVersion = 14.0.1;
						TestTargetID = 48881BD929056D5A0096FAF8;
					};
				};
			};
			buildConfigurationList = 48881BD529056D5A0096FAF8 /* Build configuration list for PBXProject "zemogaMobileiOS" */;
			compatibilityVersion = "Xcode 14.0";
			developmentRegion = en;
			hasScannedForEncodings = 0;
			knownRegions = (
				en,
				Base,
			);
			mainGroup = 48881BD129056D5A0096FAF8;
			productRefGroup = 48881BDB29056D5A0096FAF8 /* Products */;
			projectDirPath = "";
			projectRoot = "";
			targets = (
				48881BD929056D5A0096FAF8 /* zemogaMobileiOS */,
				48881BEF29056D5D0096FAF8 /* zemogaMobileiOSTests */,
				48881BF929056D5D0096FAF8 /* zemogaMobileiOSUITests */,
			);
		};
/* End PBXProject section */

/* Begin PBXResourcesBuildPhase section */
		48881BD829056D5A0096FAF8 /* Resources */ = {
			isa = PBXResourcesBuildPhase;
			buildActionMask = 2147483647;
			files = (
				48881BEA29056D5D0096FAF8 /* LaunchScreen.storyboard in Resources */,
				48881BE729056D5D0096FAF8 /* Assets.xcassets in Resources */,
				48881BE529056D5A0096FAF8 /* Main.storyboard in Resources */,
			);
			runOnlyForDeploymentPostprocessing = 0;
		};
		48881BEE29056D5D0096FAF8 /* Resources */ = {
			isa = PBXResourcesBuildPhase;
			buildActionMask = 2147483647;
			files = (
			);
			runOnlyForDeploymentPostprocessing = 0;
		};
		48881BF829056D5D0096FAF8 /* Resources */ = {
			isa = PBXResourcesBuildPhase;
			buildActionMask = 2147483647;
			files = (
			);
			runOnlyForDeploymentPostprocessing = 0;
		};
/* End PBXResourcesBuildPhase section */

/* Begin PBXSourcesBuildPhase section */
		48881BD629056D5A0096FAF8 /* Sources */ = {
			isa = PBXSourcesBuildPhase;
			buildActionMask = 2147483647;
			files = (
				48881BE229056D5A0096FAF8 /* ViewController.swift in Sources */,
				48881BDE29056D5A0096FAF8 /* AppDelegate.swift in Sources */,
				48881BE029056D5A0096FAF8 /* SceneDelegate.swift in Sources */,
			);
			runOnlyForDeploymentPostprocessing = 0;
		};
		48881BEC29056D5D0096FAF8 /* Sources */ = {
			isa = PBXSourcesBuildPhase;
			buildActionMask = 2147483647;
			files = (
				48881BF529056D5D0096FAF8 /* zemogaMobileiOSTests.swift in Sources */,
			);
			runOnlyForDeploymentPostprocessing = 0;
		};
		48881BF629056D5D0096FAF8 /* Sources */ = {
			isa = PBXSourcesBuildPhase;
			buildActionMask = 2147483647;
			files = (
				48881BFF29056D5D0096FAF8 /* zemogaMobileiOSUITests.swift in Sources */,
				48881C0129056D5D0096FAF8 /* zemogaMobileiOSUITestsLaunchTests.swift in Sources */,
			);
			runOnlyForDeploymentPostprocessing = 0;
		};
/* End PBXSourcesBuildPhase section */

/* Begin PBXTargetDependency section */
		48881BF229056D5D0096FAF8 /* PBXTargetDependency */ = {
			isa = PBXTargetDependency;
			target = 48881BD929056D5A0096FAF8 /* zemogaMobileiOS */;
			targetProxy = 48881BF129056D5D0096FAF8 /* PBXContainerItemProxy */;
		};
		48881BFC29056D5D0096FAF8 /* PBXTargetDependency */ = {
			isa = PBXTargetDependency;
			target = 48881BD929056D5A0096FAF8 /* zemogaMobileiOS */;
			targetProxy = 48881BFB29056D5D0096FAF8 /* PBXContainerItemProxy */;
		};
/* End PBXTargetDependency section */

/* Begin PBXVariantGroup section */
		48881BE329056D5A0096FAF8 /* Main.storyboard */ = {
			isa = PBXVariantGroup;
			children = (
				48881BE429056D5A0096FAF8 /* Base */,
			);
			name = Main.storyboard;
			sourceTree = "<group>";
		};
		48881BE829056D5D0096FAF8 /* LaunchScreen.storyboard */ = {
			isa = PBXVariantGroup;
			children = (
				48881BE929056D5D0096FAF8 /* Base */,
			);
			name = LaunchScreen.storyboard;
			sourceTree = "<group>";
		};
/* End PBXVariantGroup section */

/* Begin XCBuildConfiguration section */
		48881C0229056D5D0096FAF8 /* Debug */ = {
			isa = XCBuildConfiguration;
			buildSettings = {
				ALWAYS_SEARCH_USER_PATHS = NO;
				CLANG_ANALYZER_NONNULL = YES;
				CLANG_ANALYZER_NUMBER_OBJECT_CONVERSION = YES_AGGRESSIVE;
				CLANG_CXX_LANGUAGE_STANDARD = "gnu++20";
				CLANG_ENABLE_MODULES = YES;
				CLANG_ENABLE_OBJC_ARC = YES;
				CLANG_ENABLE_OBJC_WEAK = YES;
				CLANG_WARN_BLOCK_CAPTURE_AUTORELEASING = YES;
				CLANG_WARN_BOOL_CONVERSION = YES;
				CLANG_WARN_COMMA = YES;
				CLANG_WARN_CONSTANT_CONVERSION = YES;
				CLANG_WARN_DEPRECATED_OBJC_IMPLEMENTATIONS = YES;
				CLANG_WARN_DIRECT_OBJC_ISA_USAGE = YES_ERROR;
				CLANG_WARN_DOCUMENTATION_COMMENTS = YES;
				CLANG_WARN_EMPTY_BODY = YES;
				CLANG_WARN_ENUM_CONVERSION = YES;
				CLANG_WARN_INFINITE_RECURSION = YES;
				CLANG_WARN_INT_CONVERSION = YES;
				CLANG_WARN_NON_LITERAL_NULL_CONVERSION = YES;
				CLANG_WARN_OBJC_IMPLICIT_RETAIN_SELF = YES;
				CLANG_WARN_OBJC_LITERAL_CONVERSION = YES;
				CLANG_WARN_OBJC_ROOT_CLASS = YES_ERROR;
				CLANG_WARN_QUOTED_INCLUDE_IN_FRAMEWORK_HEADER = YES;
				CLANG_WARN_RANGE_LOOP_ANALYSIS = YES;
				CLANG_WARN_STRICT_PROTOTYPES = YES;
				CLANG_WARN_SUSPICIOUS_MOVE = YES;
				CLANG_WARN_UNGUARDED_AVAILABILITY = YES_AGGRESSIVE;
				CLANG_WARN_UNREACHABLE_CODE = YES;
				CLANG_WARN__DUPLICATE_METHOD_MATCH = YES;
				COPY_PHASE_STRIP = NO;
				DEBUG_INFORMATION_FORMAT = dwarf;
				ENABLE_STRICT_OBJC_MSGSEND = YES;
				ENABLE_TESTABILITY = YES;
				GCC_C_LANGUAGE_STANDARD = gnu11;
				GCC_DYNAMIC_NO_PIC = NO;
				GCC_NO_COMMON_BLOCKS = YES;
				GCC_OPTIMIZATION_LEVEL = 0;
				GCC_PREPROCESSOR_DEFINITIONS = (
					"DEBUG=1",
					"$(inherited)",
				);
				GCC_WARN_64_TO_32_BIT_CONVERSION = YES;
				GCC_WARN_ABOUT_RETURN_TYPE = YES_ERROR;
				GCC_WARN_UNDECLARED_SELECTOR = YES;
				GCC_WARN_UNINITIALIZED_AUTOS = YES_AGGRESSIVE;
				GCC_WARN_UNUSED_FUNCTION = YES;
				GCC_WARN_UNUSED_VARIABLE = YES;
				IPHONEOS_DEPLOYMENT_TARGET = 16.0;
				MTL_ENABLE_DEBUG_INFO = INCLUDE_SOURCE;
				MTL_FAST_MATH = YES;
				ONLY_ACTIVE_ARCH = YES;
				SDKROOT = iphoneos;
				SWIFT_ACTIVE_COMPILATION_CONDITIONS = DEBUG;
				SWIFT_OPTIMIZATION_LEVEL = "-Onone";
			};
			name = Debug;
		};
		48881C0329056D5D0096FAF8 /* Release */ = {
			isa = XCBuildConfiguration;
			buildSettings = {
				ALWAYS_SEARCH_USER_PATHS = NO;
				CLANG_ANALYZER_NONNULL = YES;
				CLANG_ANALYZER_NUMBER_OBJECT_CONVERSION = YES_AGGRESSIVE;
				CLANG_CXX_LANGUAGE_STANDARD = "gnu++20";
				CLANG_ENABLE_MODULES = YES;
				CLANG_ENABLE_OBJC_ARC = YES;
				CLANG_ENABLE_OBJC_WEAK = YES;
				CLANG_WARN_BLOCK_CAPTURE_AUTORELEASING = YES;
				CLANG_WARN_BOOL_CONVERSION = YES;
				CLANG_WARN_COMMA = YES;
				CLANG_WARN_CONSTANT_CONVERSION = YES;
				CLANG_WARN_DEPRECATED_OBJC_IMPLEMENTATIONS = YES;
				CLANG_WARN_DIRECT_OBJC_ISA_USAGE = YES_ERROR;
				CLANG_WARN_DOCUMENTATION_COMMENTS = YES;
				CLANG_WARN_EMPTY_BODY = YES;
				CLANG_WARN_ENUM_CONVERSION = YES;
				CLANG_WARN_INFINITE_RECURSION = YES;
				CLANG_WARN_INT_CONVERSION = YES;
				CLANG_WARN_NON_LITERAL_NULL_CONVERSION = YES;
				CLANG_WARN_OBJC_IMPLICIT_RETAIN_SELF = YES;
				CLANG_WARN_OBJC_LITERAL_CONVERSION = YES;
				CLANG_WARN_OBJC_ROOT_CLASS = YES_ERROR;
				CLANG_WARN_QUOTED_INCLUDE_IN_FRAMEWORK_HEADER = YES;
				CLANG_WARN_RANGE_LOOP_ANALYSIS = YES;
				CLANG_WARN_STRICT_PROTOTYPES = YES;
				CLANG_WARN_SUSPICIOUS_MOVE = YES;
				CLANG_WARN_UNGUARDED_AVAILABILITY = YES_AGGRESSIVE;
				CLANG_WARN_UNREACHABLE_CODE = YES;
				CLANG_WARN__DUPLICATE_METHOD_MATCH = YES;
				COPY_PHASE_STRIP = NO;
				DEBUG_INFORMATION_FORMAT = "dwarf-with-dsym";
				ENABLE_NS_ASSERTIONS = NO;
				ENABLE_STRICT_OBJC_MSGSEND = YES;
				GCC_C_LANGUAGE_STANDARD = gnu11;
				GCC_NO_COMMON_BLOCKS = YES;
				GCC_WARN_64_TO_32_BIT_CONVERSION = YES;
				GCC_WARN_ABOUT_RETURN_TYPE = YES_ERROR;
				GCC_WARN_UNDECLARED_SELECTOR = YES;
				GCC_WARN_UNINITIALIZED_AUTOS = YES_AGGRESSIVE;
				GCC_WARN_UNUSED_FUNCTION = YES;
				GCC_WARN_UNUSED_VARIABLE = YES;
				IPHONEOS_DEPLOYMENT_TARGET = 16.0;
				MTL_ENABLE_DEBUG_INFO = NO;
				MTL_FAST_MATH = YES;
				SDKROOT = iphoneos;
				SWIFT_COMPILATION_MODE = wholemodule;
				SWIFT_OPTIMIZATION_LEVEL = "-O";
				VALIDATE_PRODUCT = YES;
			};
			name = Release;
		};
		48881C0529056D5D0096FAF8 /* Debug */ = {
			isa = XCBuildConfiguration;
			buildSettings = {
				ASSETCATALOG_COMPILER_APPICON_NAME = AppIcon;
				ASSETCATALOG_COMPILER_GLOBAL_ACCENT_COLOR_NAME = AccentColor;
				CODE_SIGN_STYLE = Automatic;
				CURRENT_PROJECT_VERSION = 1;
				DEVELOPMENT_TEAM = 28UNC76MDZ;
				GENERATE_INFOPLIST_FILE = YES;
				INFOPLIST_FILE = zemogaMobileiOS/Info.plist;
				INFOPLIST_KEY_UIApplicationSupportsIndirectInputEvents = YES;
				INFOPLIST_KEY_UILaunchStoryboardName = LaunchScreen;
				INFOPLIST_KEY_UIMainStoryboardFile = Main;
				INFOPLIST_KEY_UISupportedInterfaceOrientations_iPad = "UIInterfaceOrientationPortrait UIInterfaceOrientationPortraitUpsideDown UIInterfaceOrientationLandscapeLeft UIInterfaceOrientationLandscapeRight";
				INFOPLIST_KEY_UISupportedInterfaceOrientations_iPhone = "UIInterfaceOrientationPortrait UIInterfaceOrientationLandscapeLeft UIInterfaceOrientationLandscapeRight";
				LD_RUNPATH_SEARCH_PATHS = (
					"$(inherited)",
					"@executable_path/Frameworks",
				);
				MARKETING_VERSION = 1.0;
				PRODUCT_BUNDLE_IDENTIFIER = com.oscarmyerston.zemogaMobileiOS;
				PRODUCT_NAME = "$(TARGET_NAME)";
				SWIFT_EMIT_LOC_STRINGS = YES;
				SWIFT_VERSION = 5.0;
				TARGETED_DEVICE_FAMILY = "1,2";
			};
			name = Debug;
		};
		48881C0629056D5D0096FAF8 /* Release */ = {
			isa = XCBuildConfiguration;
			buildSettings = {
				ASSETCATALOG_COMPILER_APPICON_NAME = AppIcon;
				ASSETCATALOG_COMPILER_GLOBAL_ACCENT_COLOR_NAME = AccentColor;
				CODE_SIGN_STYLE = Automatic;
				CURRENT_PROJECT_VERSION = 1;
				DEVELOPMENT_TEAM = 28UNC76MDZ;
				GENERATE_INFOPLIST_FILE = YES;
				INFOPLIST_FILE = zemogaMobileiOS/Info.plist;
				INFOPLIST_KEY_UIApplicationSupportsIndirectInputEvents = YES;
				INFOPLIST_KEY_UILaunchStoryboardName = LaunchScreen;
				INFOPLIST_KEY_UIMainStoryboardFile = Main;
				INFOPLIST_KEY_UISupportedInterfaceOrientations_iPad = "UIInterfaceOrientationPortrait UIInterfaceOrientationPortraitUpsideDown UIInterfaceOrientationLandscapeLeft UIInterfaceOrientationLandscapeRight";
				INFOPLIST_KEY_UISupportedInterfaceOrientations_iPhone = "UIInterfaceOrientationPortrait UIInterfaceOrientationLandscapeLeft UIInterfaceOrientationLandscapeRight";
				LD_RUNPATH_SEARCH_PATHS = (
					"$(inherited)",
					"@executable_path/Frameworks",
				);
				MARKETING_VERSION = 1.0;
				PRODUCT_BUNDLE_IDENTIFIER = com.oscarmyerston.zemogaMobileiOS;
				PRODUCT_NAME = "$(TARGET_NAME)";
				SWIFT_EMIT_LOC_STRINGS = YES;
				SWIFT_VERSION = 5.0;
				TARGETED_DEVICE_FAMILY = "1,2";
			};
			name = Release;
		};
		48881C0829056D5D0096FAF8 /* Debug */ = {
			isa = XCBuildConfiguration;
			buildSettings = {
				ALWAYS_EMBED_SWIFT_STANDARD_LIBRARIES = YES;
				BUNDLE_LOADER = "$(TEST_HOST)";
				CODE_SIGN_STYLE = Automatic;
				CURRENT_PROJECT_VERSION = 1;
				DEVELOPMENT_TEAM = 28UNC76MDZ;
				GENERATE_INFOPLIST_FILE = YES;
				IPHONEOS_DEPLOYMENT_TARGET = 16.0;
				MARKETING_VERSION = 1.0;
				PRODUCT_BUNDLE_IDENTIFIER = com.oscarmyerston.zemogaMobileiOSTests;
				PRODUCT_NAME = "$(TARGET_NAME)";
				SWIFT_EMIT_LOC_STRINGS = NO;
				SWIFT_VERSION = 5.0;
				TARGETED_DEVICE_FAMILY = "1,2";
				TEST_HOST = "$(BUILT_PRODUCTS_DIR)/zemogaMobileiOS.app/$(BUNDLE_EXECUTABLE_FOLDER_PATH)/zemogaMobileiOS";
			};
			name = Debug;
		};
		48881C0929056D5D0096FAF8 /* Release */ = {
			isa = XCBuildConfiguration;
			buildSettings = {
				ALWAYS_EMBED_SWIFT_STANDARD_LIBRARIES = YES;
				BUNDLE_LOADER = "$(TEST_HOST)";
				CODE_SIGN_STYLE = Automatic;
				CURRENT_PROJECT_VERSION = 1;
				DEVELOPMENT_TEAM = 28UNC76MDZ;
				GENERATE_INFOPLIST_FILE = YES;
				IPHONEOS_DEPLOYMENT_TARGET = 16.0;
				MARKETING_VERSION = 1.0;
				PRODUCT_BUNDLE_IDENTIFIER = com.oscarmyerston.zemogaMobileiOSTests;
				PRODUCT_NAME = "$(TARGET_NAME)";
				SWIFT_EMIT_LOC_STRINGS = NO;
				SWIFT_VERSION = 5.0;
				TARGETED_DEVICE_FAMILY = "1,2";
				TEST_HOST = "$(BUILT_PRODUCTS_DIR)/zemogaMobileiOS.app/$(BUNDLE_EXECUTABLE_FOLDER_PATH)/zemogaMobileiOS";
			};
			name = Release;
		};
		48881C0B29056D5D0096FAF8 /* Debug */ = {
			isa = XCBuildConfiguration;
			buildSettings = {
				ALWAYS_EMBED_SWIFT_STANDARD_LIBRARIES = YES;
				CODE_SIGN_STYLE = Automatic;
				CURRENT_PROJECT_VERSION = 1;
				DEVELOPMENT_TEAM = 28UNC76MDZ;
				GENERATE_INFOPLIST_FILE = YES;
				MARKETING_VERSION = 1.0;
				PRODUCT_BUNDLE_IDENTIFIER = com.oscarmyerston.zemogaMobileiOSUITests;
				PRODUCT_NAME = "$(TARGET_NAME)";
				SWIFT_EMIT_LOC_STRINGS = NO;
				SWIFT_VERSION = 5.0;
				TARGETED_DEVICE_FAMILY = "1,2";
				TEST_TARGET_NAME = zemogaMobileiOS;
			};
			name = Debug;
		};
		48881C0C29056D5D0096FAF8 /* Release */ = {
			isa = XCBuildConfiguration;
			buildSettings = {
				ALWAYS_EMBED_SWIFT_STANDARD_LIBRARIES = YES;
				CODE_SIGN_STYLE = Automatic;
				CURRENT_PROJECT_VERSION = 1;
				DEVELOPMENT_TEAM = 28UNC76MDZ;
				GENERATE_INFOPLIST_FILE = YES;
				MARKETING_VERSION = 1.0;
				PRODUCT_BUNDLE_IDENTIFIER = com.oscarmyerston.zemogaMobileiOSUITests;
				PRODUCT_NAME = "$(TARGET_NAME)";
				SWIFT_EMIT_LOC_STRINGS = NO;
				SWIFT_VERSION = 5.0;
				TARGETED_DEVICE_FAMILY = "1,2";
				TEST_TARGET_NAME = zemogaMobileiOS;
			};
			name = Release;
		};
/* End XCBuildConfiguration section */

/* Begin XCConfigurationList section */
		48881BD529056D5A0096FAF8 /* Build configuration list for PBXProject "zemogaMobileiOS" */ = {
			isa = XCConfigurationList;
			buildConfigurations = (
				48881C0229056D5D0096FAF8 /* Debug */,
				48881C0329056D5D0096FAF8 /* Release */,
			);
			defaultConfigurationIsVisible = 0;
			defaultConfigurationName = Release;
		};
		48881C0429056D5D0096FAF8 /* Build configuration list for PBXNativeTarget "zemogaMobileiOS" */ = {
			isa = XCConfigurationList;
			buildConfigurations = (
				48881C0529056D5D0096FAF8 /* Debug */,
				48881C0629056D5D0096FAF8 /* Release */,
			);
			defaultConfigurationIsVisible = 0;
			defaultConfigurationName = Release;
		};
		48881C0729056D5D0096FAF8 /* Build configuration list for PBXNativeTarget "zemogaMobileiOSTests" */ = {
			isa = XCConfigurationList;
			buildConfigurations = (
				48881C0829056D5D0096FAF8 /* Debug */,
				48881C0929056D5D0096FAF8 /* Release */,
			);
			defaultConfigurationIsVisible = 0;
			defaultConfigurationName = Release;
		};
		48881C0A29056D5D0096FAF8 /* Build configuration list for PBXNativeTarget "zemogaMobileiOSUITests" */ = {
			isa = XCConfigurationList;
			buildConfigurations = (
				48881C0B29056D5D0096FAF8 /* Debug */,
				48881C0C29056D5D0096FAF8 /* Release */,
			);
			defaultConfigurationIsVisible = 0;
			defaultConfigurationName = Release;
		};
/* End XCConfigurationList section */
	};
	rootObject = 48881BD229056D5A0096FAF8 /* Project object */;
}
