// !$*UTF8*$!
{
	archiveVersion = 1;
	classes = {
	};
	objectVersion = 56;
	objects = {

/* Begin PBXBuildFile section */
		48881BDE29056D5A0096FAF8 /* AppDelegate.swift in Sources */ = {isa = PBXBuildFile; fileRef = 48881BDD29056D5A0096FAF8 /* AppDelegate.swift */; };
		48881BE029056D5A0096FAF8 /* SceneDelegate.swift in Sources */ = {isa = PBXBuildFile; fileRef = 48881BDF29056D5A0096FAF8 /* SceneDelegate.swift */; };
		48881BE729056D5D0096FAF8 /* Assets.xcassets in Resources */ = {isa = PBXBuildFile; fileRef = 48881BE629056D5D0096FAF8 /* Assets.xcassets */; };
		48881BEA29056D5D0096FAF8 /* LaunchScreen.storyboard in Resources */ = {isa = PBXBuildFile; fileRef = 48881BE829056D5D0096FAF8 /* LaunchScreen.storyboard */; };
		48881BF529056D5D0096FAF8 /* zemogaMobileiOSTests.swift in Sources */ = {isa = PBXBuildFile; fileRef = 48881BF429056D5D0096FAF8 /* zemogaMobileiOSTests.swift */; };
		48881BFF29056D5D0096FAF8 /* zemogaMobileiOSUITests.swift in Sources */ = {isa = PBXBuildFile; fileRef = 48881BFE29056D5D0096FAF8 /* zemogaMobileiOSUITests.swift */; };
		48881C0129056D5D0096FAF8 /* zemogaMobileiOSUITestsLaunchTests.swift in Sources */ = {isa = PBXBuildFile; fileRef = 48881C0029056D5D0096FAF8 /* zemogaMobileiOSUITestsLaunchTests.swift */; };
		48881C1E290573D30096FAF8 /* Mapper.swift in Sources */ = {isa = PBXBuildFile; fileRef = 48881C1C290573D20096FAF8 /* Mapper.swift */; };
		48881C1F290573D30096FAF8 /* Defaults.swift in Sources */ = {isa = PBXBuildFile; fileRef = 48881C1D290573D30096FAF8 /* Defaults.swift */; };
		48881C25290573E70096FAF8 /* JSONHelper.swift in Sources */ = {isa = PBXBuildFile; fileRef = 48881C20290573E10096FAF8 /* JSONHelper.swift */; };
		48881C26290573E70096FAF8 /* Extensions.swift in Sources */ = {isa = PBXBuildFile; fileRef = 48881C21290573E20096FAF8 /* Extensions.swift */; };
		48881C27290573E70096FAF8 /* RealmManager.swift in Sources */ = {isa = PBXBuildFile; fileRef = 48881C22290573E40096FAF8 /* RealmManager.swift */; };
		48881C28290573E70096FAF8 /* Connection.swift in Sources */ = {isa = PBXBuildFile; fileRef = 48881C23290573E50096FAF8 /* Connection.swift */; };
		48881C29290573E70096FAF8 /* Endpoint.swift in Sources */ = {isa = PBXBuildFile; fileRef = 48881C24290573E60096FAF8 /* Endpoint.swift */; };
		48881C352905741A0096FAF8 /* HomeViewController.xib in Resources */ = {isa = PBXBuildFile; fileRef = 48881C2D290574150096FAF8 /* HomeViewController.xib */; };
		48881C362905741A0096FAF8 /* HomeConfiguration.swift in Sources */ = {isa = PBXBuildFile; fileRef = 48881C2E290574150096FAF8 /* HomeConfiguration.swift */; };
		48881C372905741A0096FAF8 /* HomeViewController.swift in Sources */ = {isa = PBXBuildFile; fileRef = 48881C2F290574160096FAF8 /* HomeViewController.swift */; };
		48881C382905741A0096FAF8 /* HomePresenter.swift in Sources */ = {isa = PBXBuildFile; fileRef = 48881C30290574170096FAF8 /* HomePresenter.swift */; };
		48881C392905741A0096FAF8 /* HomeInteractor.swift in Sources */ = {isa = PBXBuildFile; fileRef = 48881C31290574170096FAF8 /* HomeInteractor.swift */; };
		48881C3A2905741A0096FAF8 /* HomeModel.swift in Sources */ = {isa = PBXBuildFile; fileRef = 48881C32290574180096FAF8 /* HomeModel.swift */; };
		48881C3B2905741A0096FAF8 /* HomeRouter.swift in Sources */ = {isa = PBXBuildFile; fileRef = 48881C33290574190096FAF8 /* HomeRouter.swift */; };
		48881C3C2905741A0096FAF8 /* HomeManager.swift in Sources */ = {isa = PBXBuildFile; fileRef = 48881C34290574190096FAF8 /* HomeManager.swift */; };
		48881C402905742B0096FAF8 /* PostTableViewCell.xib in Resources */ = {isa = PBXBuildFile; fileRef = 48881C3E2905742A0096FAF8 /* PostTableViewCell.xib */; };
		48881C412905742B0096FAF8 /* PostTableViewCell.swift in Sources */ = {isa = PBXBuildFile; fileRef = 48881C3F2905742A0096FAF8 /* PostTableViewCell.swift */; };
		48881C4A290574400096FAF8 /* PostDetailViewController.swift in Sources */ = {isa = PBXBuildFile; fileRef = 48881C422905743B0096FAF8 /* PostDetailViewController.swift */; };
		48881C4B290574400096FAF8 /* PostDetailRouter.swift in Sources */ = {isa = PBXBuildFile; fileRef = 48881C432905743C0096FAF8 /* PostDetailRouter.swift */; };
		48881C4C290574400096FAF8 /* PostDetailPresenter.swift in Sources */ = {isa = PBXBuildFile; fileRef = 48881C442905743C0096FAF8 /* PostDetailPresenter.swift */; };
		48881C4D290574400096FAF8 /* PostDetailInteractor.swift in Sources */ = {isa = PBXBuildFile; fileRef = 48881C452905743D0096FAF8 /* PostDetailInteractor.swift */; };
		48881C4E290574400096FAF8 /* PostDetailManager.swift in Sources */ = {isa = PBXBuildFile; fileRef = 48881C462905743E0096FAF8 /* PostDetailManager.swift */; };
		48881C4F290574400096FAF8 /* PostDetailModel.swift in Sources */ = {isa = PBXBuildFile; fileRef = 48881C472905743E0096FAF8 /* PostDetailModel.swift */; };
		48881C50290574400096FAF8 /* PostDetailViewController.xib in Resources */ = {isa = PBXBuildFile; fileRef = 48881C482905743F0096FAF8 /* PostDetailViewController.xib */; };
		48881C51290574400096FAF8 /* PostDetailConfiguration.swift in Sources */ = {isa = PBXBuildFile; fileRef = 48881C492905743F0096FAF8 /* PostDetailConfiguration.swift */; };
		48881C552905745B0096FAF8 /* CommentTableViewCell.swift in Sources */ = {isa = PBXBuildFile; fileRef = 48881C532905745A0096FAF8 /* CommentTableViewCell.swift */; };
		48881C562905745B0096FAF8 /* CommentTableViewCell.xib in Resources */ = {isa = PBXBuildFile; fileRef = 48881C542905745B0096FAF8 /* CommentTableViewCell.xib */; };
		48881C5F290574710096FAF8 /* UserDetailModel.swift in Sources */ = {isa = PBXBuildFile; fileRef = 48881C572905746C0096FAF8 /* UserDetailModel.swift */; };
		48881C60290574710096FAF8 /* UserDetailViewController.swift in Sources */ = {isa = PBXBuildFile; fileRef = 48881C582905746D0096FAF8 /* UserDetailViewController.swift */; };
		48881C61290574710096FAF8 /* UserDetailPresenter.swift in Sources */ = {isa = PBXBuildFile; fileRef = 48881C592905746E0096FAF8 /* UserDetailPresenter.swift */; };
		48881C62290574710096FAF8 /* UserDetailViewController.xib in Resources */ = {isa = PBXBuildFile; fileRef = 48881C5A2905746E0096FAF8 /* UserDetailViewController.xib */; };
		48881C63290574710096FAF8 /* UserDetailInteractor.swift in Sources */ = {isa = PBXBuildFile; fileRef = 48881C5B2905746F0096FAF8 /* UserDetailInteractor.swift */; };
		48881C64290574710096FAF8 /* UserDetailRouter.swift in Sources */ = {isa = PBXBuildFile; fileRef = 48881C5C2905746F0096FAF8 /* UserDetailRouter.swift */; };
		48881C65290574710096FAF8 /* UserDetailConfiguration.swift in Sources */ = {isa = PBXBuildFile; fileRef = 48881C5D290574700096FAF8 /* UserDetailConfiguration.swift */; };
		48881C66290574710096FAF8 /* UserDetailManager.swift in Sources */ = {isa = PBXBuildFile; fileRef = 48881C5E290574710096FAF8 /* UserDetailManager.swift */; };
		6B93C043CA35F089ADB0B6AA /* Pods_zemogaMobileiOSTests.framework in Frameworks */ = {isa = PBXBuildFile; fileRef = A51BBB27F9975EF8B37762B2 /* Pods_zemogaMobileiOSTests.framework */; };
		AD7C379B680746781227D85A /* Pods_zemogaMobileiOS.framework in Frameworks */ = {isa = PBXBuildFile; fileRef = 56AA4D92B7E8CD2C8DA4DCA1 /* Pods_zemogaMobileiOS.framework */; };
		CE8DE6E923391A2299A62261 /* Pods_zemogaMobileiOS_zemogaMobileiOSUITests.framework in Frameworks */ = {isa = PBXBuildFile; fileRef = 681C510DA2993709FFE1FE63 /* Pods_zemogaMobileiOS_zemogaMobileiOSUITests.framework */; };
/* End PBXBuildFile section */

/* Begin PBXContainerItemProxy section */
		48881BF129056D5D0096FAF8 /* PBXContainerItemProxy */ = {
			isa = PBXContainerItemProxy;
			containerPortal = 48881BD229056D5A0096FAF8 /* Project object */;
			proxyType = 1;
			remoteGlobalIDString = 48881BD929056D5A0096FAF8;
			remoteInfo = zemogaMobileiOS;
		};
		48881BFB29056D5D0096FAF8 /* PBXContainerItemProxy */ = {
			isa = PBXContainerItemProxy;
			containerPortal = 48881BD229056D5A0096FAF8 /* Project object */;
			proxyType = 1;
			remoteGlobalIDString = 48881BD929056D5A0096FAF8;
			remoteInfo = zemogaMobileiOS;
		};
/* End PBXContainerItemProxy section */

/* Begin PBXFileReference section */
		097CE325D5D50F88F6DEA4EE /* Pods-zemogaMobileiOS.debug.xcconfig */ = {isa = PBXFileReference; includeInIndex = 1; lastKnownFileType = text.xcconfig; name = "Pods-zemogaMobileiOS.debug.xcconfig"; path = "Target Support Files/Pods-zemogaMobileiOS/Pods-zemogaMobileiOS.debug.xcconfig"; sourceTree = "<group>"; };
		48881BDA29056D5A0096FAF8 /* zemogaMobileiOS.app */ = {isa = PBXFileReference; explicitFileType = wrapper.application; includeInIndex = 0; path = zemogaMobileiOS.app; sourceTree = BUILT_PRODUCTS_DIR; };
		48881BDD29056D5A0096FAF8 /* AppDelegate.swift */ = {isa = PBXFileReference; lastKnownFileType = sourcecode.swift; path = AppDelegate.swift; sourceTree = "<group>"; };
		48881BDF29056D5A0096FAF8 /* SceneDelegate.swift */ = {isa = PBXFileReference; lastKnownFileType = sourcecode.swift; path = SceneDelegate.swift; sourceTree = "<group>"; };
		48881BE629056D5D0096FAF8 /* Assets.xcassets */ = {isa = PBXFileReference; lastKnownFileType = folder.assetcatalog; path = Assets.xcassets; sourceTree = "<group>"; };
		48881BE929056D5D0096FAF8 /* Base */ = {isa = PBXFileReference; lastKnownFileType = file.storyboard; name = Base; path = Base.lproj/LaunchScreen.storyboard; sourceTree = "<group>"; };
		48881BEB29056D5D0096FAF8 /* Info.plist */ = {isa = PBXFileReference; lastKnownFileType = text.plist.xml; path = Info.plist; sourceTree = "<group>"; };
		48881BF029056D5D0096FAF8 /* zemogaMobileiOSTests.xctest */ = {isa = PBXFileReference; explicitFileType = wrapper.cfbundle; includeInIndex = 0; path = zemogaMobileiOSTests.xctest; sourceTree = BUILT_PRODUCTS_DIR; };
		48881BF429056D5D0096FAF8 /* zemogaMobileiOSTests.swift */ = {isa = PBXFileReference; lastKnownFileType = sourcecode.swift; path = zemogaMobileiOSTests.swift; sourceTree = "<group>"; };
		48881BFA29056D5D0096FAF8 /* zemogaMobileiOSUITests.xctest */ = {isa = PBXFileReference; explicitFileType = wrapper.cfbundle; includeInIndex = 0; path = zemogaMobileiOSUITests.xctest; sourceTree = BUILT_PRODUCTS_DIR; };
		48881BFE29056D5D0096FAF8 /* zemogaMobileiOSUITests.swift */ = {isa = PBXFileReference; lastKnownFileType = sourcecode.swift; path = zemogaMobileiOSUITests.swift; sourceTree = "<group>"; };
		48881C0029056D5D0096FAF8 /* zemogaMobileiOSUITestsLaunchTests.swift */ = {isa = PBXFileReference; lastKnownFileType = sourcecode.swift; path = zemogaMobileiOSUITestsLaunchTests.swift; sourceTree = "<group>"; };
		48881C1C290573D20096FAF8 /* Mapper.swift */ = {isa = PBXFileReference; fileEncoding = 4; lastKnownFileType = sourcecode.swift; path = Mapper.swift; sourceTree = "<group>"; };
		48881C1D290573D30096FAF8 /* Defaults.swift */ = {isa = PBXFileReference; fileEncoding = 4; lastKnownFileType = sourcecode.swift; path = Defaults.swift; sourceTree = "<group>"; };
		48881C20290573E10096FAF8 /* JSONHelper.swift */ = {isa = PBXFileReference; fileEncoding = 4; lastKnownFileType = sourcecode.swift; path = JSONHelper.swift; sourceTree = "<group>"; };
		48881C21290573E20096FAF8 /* Extensions.swift */ = {isa = PBXFileReference; fileEncoding = 4; lastKnownFileType = sourcecode.swift; path = Extensions.swift; sourceTree = "<group>"; };
		48881C22290573E40096FAF8 /* RealmManager.swift */ = {isa = PBXFileReference; fileEncoding = 4; lastKnownFileType = sourcecode.swift; path = RealmManager.swift; sourceTree = "<group>"; };
		48881C23290573E50096FAF8 /* Connection.swift */ = {isa = PBXFileReference; fileEncoding = 4; lastKnownFileType = sourcecode.swift; path = Connection.swift; sourceTree = "<group>"; };
		48881C24290573E60096FAF8 /* Endpoint.swift */ = {isa = PBXFileReference; fileEncoding = 4; lastKnownFileType = sourcecode.swift; path = Endpoint.swift; sourceTree = "<group>"; };
		48881C2D290574150096FAF8 /* HomeViewController.xib */ = {isa = PBXFileReference; fileEncoding = 4; lastKnownFileType = file.xib; path = HomeViewController.xib; sourceTree = "<group>"; };
		48881C2E290574150096FAF8 /* HomeConfiguration.swift */ = {isa = PBXFileReference; fileEncoding = 4; lastKnownFileType = sourcecode.swift; path = HomeConfiguration.swift; sourceTree = "<group>"; };
		48881C2F290574160096FAF8 /* HomeViewController.swift */ = {isa = PBXFileReference; fileEncoding = 4; lastKnownFileType = sourcecode.swift; path = HomeViewController.swift; sourceTree = "<group>"; };
		48881C30290574170096FAF8 /* HomePresenter.swift */ = {isa = PBXFileReference; fileEncoding = 4; lastKnownFileType = sourcecode.swift; path = HomePresenter.swift; sourceTree = "<group>"; };
		48881C31290574170096FAF8 /* HomeInteractor.swift */ = {isa = PBXFileReference; fileEncoding = 4; lastKnownFileType = sourcecode.swift; path = HomeInteractor.swift; sourceTree = "<group>"; };
		48881C32290574180096FAF8 /* HomeModel.swift */ = {isa = PBXFileReference; fileEncoding = 4; lastKnownFileType = sourcecode.swift; path = HomeModel.swift; sourceTree = "<group>"; };
		48881C33290574190096FAF8 /* HomeRouter.swift */ = {isa = PBXFileReference; fileEncoding = 4; lastKnownFileType = sourcecode.swift; path = HomeRouter.swift; sourceTree = "<group>"; };
		48881C34290574190096FAF8 /* HomeManager.swift */ = {isa = PBXFileReference; fileEncoding = 4; lastKnownFileType = sourcecode.swift; path = HomeManager.swift; sourceTree = "<group>"; };
		48881C3E2905742A0096FAF8 /* PostTableViewCell.xib */ = {isa = PBXFileReference; fileEncoding = 4; lastKnownFileType = file.xib; path = PostTableViewCell.xib; sourceTree = "<group>"; };
		48881C3F2905742A0096FAF8 /* PostTableViewCell.swift */ = {isa = PBXFileReference; fileEncoding = 4; lastKnownFileType = sourcecode.swift; path = PostTableViewCell.swift; sourceTree = "<group>"; };
		48881C422905743B0096FAF8 /* PostDetailViewController.swift */ = {isa = PBXFileReference; fileEncoding = 4; lastKnownFileType = sourcecode.swift; path = PostDetailViewController.swift; sourceTree = "<group>"; };
		48881C432905743C0096FAF8 /* PostDetailRouter.swift */ = {isa = PBXFileReference; fileEncoding = 4; lastKnownFileType = sourcecode.swift; path = PostDetailRouter.swift; sourceTree = "<group>"; };
		48881C442905743C0096FAF8 /* PostDetailPresenter.swift */ = {isa = PBXFileReference; fileEncoding = 4; lastKnownFileType = sourcecode.swift; path = PostDetailPresenter.swift; sourceTree = "<group>"; };
		48881C452905743D0096FAF8 /* PostDetailInteractor.swift */ = {isa = PBXFileReference; fileEncoding = 4; lastKnownFileType = sourcecode.swift; path = PostDetailInteractor.swift; sourceTree = "<group>"; };
		48881C462905743E0096FAF8 /* PostDetailManager.swift */ = {isa = PBXFileReference; fileEncoding = 4; lastKnownFileType = sourcecode.swift; path = PostDetailManager.swift; sourceTree = "<group>"; };
		48881C472905743E0096FAF8 /* PostDetailModel.swift */ = {isa = PBXFileReference; fileEncoding = 4; lastKnownFileType = sourcecode.swift; path = PostDetailModel.swift; sourceTree = "<group>"; };
		48881C482905743F0096FAF8 /* PostDetailViewController.xib */ = {isa = PBXFileReference; fileEncoding = 4; lastKnownFileType = file.xib; path = PostDetailViewController.xib; sourceTree = "<group>"; };
		48881C492905743F0096FAF8 /* PostDetailConfiguration.swift */ = {isa = PBXFileReference; fileEncoding = 4; lastKnownFileType = sourcecode.swift; path = PostDetailConfiguration.swift; sourceTree = "<group>"; };
		48881C532905745A0096FAF8 /* CommentTableViewCell.swift */ = {isa = PBXFileReference; fileEncoding = 4; lastKnownFileType = sourcecode.swift; path = CommentTableViewCell.swift; sourceTree = "<group>"; };
		48881C542905745B0096FAF8 /* CommentTableViewCell.xib */ = {isa = PBXFileReference; fileEncoding = 4; lastKnownFileType = file.xib; path = CommentTableViewCell.xib; sourceTree = "<group>"; };
		48881C572905746C0096FAF8 /* UserDetailModel.swift */ = {isa = PBXFileReference; fileEncoding = 4; lastKnownFileType = sourcecode.swift; path = UserDetailModel.swift; sourceTree = "<group>"; };
		48881C582905746D0096FAF8 /* UserDetailViewController.swift */ = {isa = PBXFileReference; fileEncoding = 4; lastKnownFileType = sourcecode.swift; path = UserDetailViewController.swift; sourceTree = "<group>"; };
		48881C592905746E0096FAF8 /* UserDetailPresenter.swift */ = {isa = PBXFileReference; fileEncoding = 4; lastKnownFileType = sourcecode.swift; path = UserDetailPresenter.swift; sourceTree = "<group>"; };
		48881C5A2905746E0096FAF8 /* UserDetailViewController.xib */ = {isa = PBXFileReference; fileEncoding = 4; lastKnownFileType = file.xib; path = UserDetailViewController.xib; sourceTree = "<group>"; };
		48881C5B2905746F0096FAF8 /* UserDetailInteractor.swift */ = {isa = PBXFileReference; fileEncoding = 4; lastKnownFileType = sourcecode.swift; path = UserDetailInteractor.swift; sourceTree = "<group>"; };
		48881C5C2905746F0096FAF8 /* UserDetailRouter.swift */ = {isa = PBXFileReference; fileEncoding = 4; lastKnownFileType = sourcecode.swift; path = UserDetailRouter.swift; sourceTree = "<group>"; };
		48881C5D290574700096FAF8 /* UserDetailConfiguration.swift */ = {isa = PBXFileReference; fileEncoding = 4; lastKnownFileType = sourcecode.swift; path = UserDetailConfiguration.swift; sourceTree = "<group>"; };
		48881C5E290574710096FAF8 /* UserDetailManager.swift */ = {isa = PBXFileReference; fileEncoding = 4; lastKnownFileType = sourcecode.swift; path = UserDetailManager.swift; sourceTree = "<group>"; };
		50AC4EA7B5A9ED6D27FA2EBF /* Pods-zemogaMobileiOS.release.xcconfig */ = {isa = PBXFileReference; includeInIndex = 1; lastKnownFileType = text.xcconfig; name = "Pods-zemogaMobileiOS.release.xcconfig"; path = "Target Support Files/Pods-zemogaMobileiOS/Pods-zemogaMobileiOS.release.xcconfig"; sourceTree = "<group>"; };
		56AA4D92B7E8CD2C8DA4DCA1 /* Pods_zemogaMobileiOS.framework */ = {isa = PBXFileReference; explicitFileType = wrapper.framework; includeInIndex = 0; path = Pods_zemogaMobileiOS.framework; sourceTree = BUILT_PRODUCTS_DIR; };
		681C510DA2993709FFE1FE63 /* Pods_zemogaMobileiOS_zemogaMobileiOSUITests.framework */ = {isa = PBXFileReference; explicitFileType = wrapper.framework; includeInIndex = 0; path = Pods_zemogaMobileiOS_zemogaMobileiOSUITests.framework; sourceTree = BUILT_PRODUCTS_DIR; };
		748B1530E18362AED6F8EEFD /* Pods-zemogaMobileiOSTests.release.xcconfig */ = {isa = PBXFileReference; includeInIndex = 1; lastKnownFileType = text.xcconfig; name = "Pods-zemogaMobileiOSTests.release.xcconfig"; path = "Target Support Files/Pods-zemogaMobileiOSTests/Pods-zemogaMobileiOSTests.release.xcconfig"; sourceTree = "<group>"; };
		8DD953E71425E6EE86FBC2B6 /* Pods-zemogaMobileiOS-zemogaMobileiOSUITests.release.xcconfig */ = {isa = PBXFileReference; includeInIndex = 1; lastKnownFileType = text.xcconfig; name = "Pods-zemogaMobileiOS-zemogaMobileiOSUITests.release.xcconfig"; path = "Target Support Files/Pods-zemogaMobileiOS-zemogaMobileiOSUITests/Pods-zemogaMobileiOS-zemogaMobileiOSUITests.release.xcconfig"; sourceTree = "<group>"; };
		A51BBB27F9975EF8B37762B2 /* Pods_zemogaMobileiOSTests.framework */ = {isa = PBXFileReference; explicitFileType = wrapper.framework; includeInIndex = 0; path = Pods_zemogaMobileiOSTests.framework; sourceTree = BUILT_PRODUCTS_DIR; };
		ACF5ED8E9A7B41FCDB8E0ABC /* Pods-zemogaMobileiOSTests.debug.xcconfig */ = {isa = PBXFileReference; includeInIndex = 1; lastKnownFileType = text.xcconfig; name = "Pods-zemogaMobileiOSTests.debug.xcconfig"; path = "Target Support Files/Pods-zemogaMobileiOSTests/Pods-zemogaMobileiOSTests.debug.xcconfig"; sourceTree = "<group>"; };
		C2837DA068539210E102A954 /* Pods-zemogaMobileiOS-zemogaMobileiOSUITests.debug.xcconfig */ = {isa = PBXFileReference; includeInIndex = 1; lastKnownFileType = text.xcconfig; name = "Pods-zemogaMobileiOS-zemogaMobileiOSUITests.debug.xcconfig"; path = "Target Support Files/Pods-zemogaMobileiOS-zemogaMobileiOSUITests/Pods-zemogaMobileiOS-zemogaMobileiOSUITests.debug.xcconfig"; sourceTree = "<group>"; };
/* End PBXFileReference section */

/* Begin PBXFrameworksBuildPhase section */
		48881BD729056D5A0096FAF8 /* Frameworks */ = {
			isa = PBXFrameworksBuildPhase;
			buildActionMask = 2147483647;
			files = (
				AD7C379B680746781227D85A /* Pods_zemogaMobileiOS.framework in Frameworks */,
			);
			runOnlyForDeploymentPostprocessing = 0;
		};
		48881BED29056D5D0096FAF8 /* Frameworks */ = {
			isa = PBXFrameworksBuildPhase;
			buildActionMask = 2147483647;
			files = (
				6B93C043CA35F089ADB0B6AA /* Pods_zemogaMobileiOSTests.framework in Frameworks */,
			);
			runOnlyForDeploymentPostprocessing = 0;
		};
		48881BF729056D5D0096FAF8 /* Frameworks */ = {
			isa = PBXFrameworksBuildPhase;
			buildActionMask = 2147483647;
			files = (
				CE8DE6E923391A2299A62261 /* Pods_zemogaMobileiOS_zemogaMobileiOSUITests.framework in Frameworks */,
			);
			runOnlyForDeploymentPostprocessing = 0;
		};
/* End PBXFrameworksBuildPhase section */

/* Begin PBXGroup section */
		48881BD129056D5A0096FAF8 = {
			isa = PBXGroup;
			children = (
				48881BDC29056D5A0096FAF8 /* zemogaMobileiOS */,
				48881BF329056D5D0096FAF8 /* zemogaMobileiOSTests */,
				48881BFD29056D5D0096FAF8 /* zemogaMobileiOSUITests */,
				48881BDB29056D5A0096FAF8 /* Products */,
				E60F2BC70C8FE62D8E15E26D /* Pods */,
				ADC0572B57808857C028715B /* Frameworks */,
			);
			sourceTree = "<group>";
		};
		48881BDB29056D5A0096FAF8 /* Products */ = {
			isa = PBXGroup;
			children = (
				48881BDA29056D5A0096FAF8 /* zemogaMobileiOS.app */,
				48881BF029056D5D0096FAF8 /* zemogaMobileiOSTests.xctest */,
				48881BFA29056D5D0096FAF8 /* zemogaMobileiOSUITests.xctest */,
			);
			name = Products;
			sourceTree = "<group>";
		};
		48881BDC29056D5A0096FAF8 /* zemogaMobileiOS */ = {
			isa = PBXGroup;
			children = (
				48881C1B290573B40096FAF8 /* ViewControllers */,
				48881C1A290573A90096FAF8 /* Services */,
				48881C192905739E0096FAF8 /* Core */,
				48881BDD29056D5A0096FAF8 /* AppDelegate.swift */,
				48881BDF29056D5A0096FAF8 /* SceneDelegate.swift */,
				48881BE629056D5D0096FAF8 /* Assets.xcassets */,
				48881BE829056D5D0096FAF8 /* LaunchScreen.storyboard */,
				48881BEB29056D5D0096FAF8 /* Info.plist */,
			);
			path = zemogaMobileiOS;
			sourceTree = "<group>";
		};
		48881BF329056D5D0096FAF8 /* zemogaMobileiOSTests */ = {
			isa = PBXGroup;
			children = (
				48881BF429056D5D0096FAF8 /* zemogaMobileiOSTests.swift */,
			);
			path = zemogaMobileiOSTests;
			sourceTree = "<group>";
		};
		48881BFD29056D5D0096FAF8 /* zemogaMobileiOSUITests */ = {
			isa = PBXGroup;
			children = (
				48881BFE29056D5D0096FAF8 /* zemogaMobileiOSUITests.swift */,
				48881C0029056D5D0096FAF8 /* zemogaMobileiOSUITestsLaunchTests.swift */,
			);
			path = zemogaMobileiOSUITests;
			sourceTree = "<group>";
		};
		48881C192905739E0096FAF8 /* Core */ = {
			isa = PBXGroup;
			children = (
				48881C1D290573D30096FAF8 /* Defaults.swift */,
				48881C1C290573D20096FAF8 /* Mapper.swift */,
			);
			path = Core;
			sourceTree = "<group>";
		};
		48881C1A290573A90096FAF8 /* Services */ = {
			isa = PBXGroup;
			children = (
				48881C23290573E50096FAF8 /* Connection.swift */,
				48881C24290573E60096FAF8 /* Endpoint.swift */,
				48881C21290573E20096FAF8 /* Extensions.swift */,
				48881C20290573E10096FAF8 /* JSONHelper.swift */,
				48881C22290573E40096FAF8 /* RealmManager.swift */,
			);
			path = Services;
			sourceTree = "<group>";
		};
		48881C1B290573B40096FAF8 /* ViewControllers */ = {
			isa = PBXGroup;
			children = (
				48881C2C290573F80096FAF8 /* UserDetail */,
				48881C2B290573F10096FAF8 /* PostDetail */,
				48881C2A290573EC0096FAF8 /* Home */,
			);
			path = ViewControllers;
			sourceTree = "<group>";
		};
		48881C2A290573EC0096FAF8 /* Home */ = {
			isa = PBXGroup;
			children = (
				48881C3D2905741F0096FAF8 /* Cell */,
				48881C2E290574150096FAF8 /* HomeConfiguration.swift */,
				48881C31290574170096FAF8 /* HomeInteractor.swift */,
				48881C34290574190096FAF8 /* HomeManager.swift */,
				48881C32290574180096FAF8 /* HomeModel.swift */,
				48881C30290574170096FAF8 /* HomePresenter.swift */,
				48881C33290574190096FAF8 /* HomeRouter.swift */,
				48881C2F290574160096FAF8 /* HomeViewController.swift */,
				48881C2D290574150096FAF8 /* HomeViewController.xib */,
			);
			path = Home;
			sourceTree = "<group>";
		};
		48881C2B290573F10096FAF8 /* PostDetail */ = {
			isa = PBXGroup;
			children = (
				48881C522905744F0096FAF8 /* Cell */,
				48881C492905743F0096FAF8 /* PostDetailConfiguration.swift */,
				48881C452905743D0096FAF8 /* PostDetailInteractor.swift */,
				48881C462905743E0096FAF8 /* PostDetailManager.swift */,
				48881C472905743E0096FAF8 /* PostDetailModel.swift */,
				48881C442905743C0096FAF8 /* PostDetailPresenter.swift */,
				48881C432905743C0096FAF8 /* PostDetailRouter.swift */,
				48881C422905743B0096FAF8 /* PostDetailViewController.swift */,
				48881C482905743F0096FAF8 /* PostDetailViewController.xib */,
			);
			path = PostDetail;
			sourceTree = "<group>";
		};
		48881C2C290573F80096FAF8 /* UserDetail */ = {
			isa = PBXGroup;
			children = (
				48881C5D290574700096FAF8 /* UserDetailConfiguration.swift */,
				48881C5B2905746F0096FAF8 /* UserDetailInteractor.swift */,
				48881C5E290574710096FAF8 /* UserDetailManager.swift */,
				48881C572905746C0096FAF8 /* UserDetailModel.swift */,
				48881C592905746E0096FAF8 /* UserDetailPresenter.swift */,
				48881C5C2905746F0096FAF8 /* UserDetailRouter.swift */,
				48881C582905746D0096FAF8 /* UserDetailViewController.swift */,
				48881C5A2905746E0096FAF8 /* UserDetailViewController.xib */,
			);
			path = UserDetail;
			sourceTree = "<group>";
		};
		48881C3D2905741F0096FAF8 /* Cell */ = {
			isa = PBXGroup;
			children = (
				48881C3F2905742A0096FAF8 /* PostTableViewCell.swift */,
				48881C3E2905742A0096FAF8 /* PostTableViewCell.xib */,
			);
			path = Cell;
			sourceTree = "<group>";
		};
		48881C522905744F0096FAF8 /* Cell */ = {
			isa = PBXGroup;
			children = (
				48881C532905745A0096FAF8 /* CommentTableViewCell.swift */,
				48881C542905745B0096FAF8 /* CommentTableViewCell.xib */,
			);
			path = Cell;
			sourceTree = "<group>";
		};
		ADC0572B57808857C028715B /* Frameworks */ = {
			isa = PBXGroup;
			children = (
				56AA4D92B7E8CD2C8DA4DCA1 /* Pods_zemogaMobileiOS.framework */,
				681C510DA2993709FFE1FE63 /* Pods_zemogaMobileiOS_zemogaMobileiOSUITests.framework */,
				A51BBB27F9975EF8B37762B2 /* Pods_zemogaMobileiOSTests.framework */,
			);
			name = Frameworks;
			sourceTree = "<group>";
		};
		E60F2BC70C8FE62D8E15E26D /* Pods */ = {
			isa = PBXGroup;
			children = (
				097CE325D5D50F88F6DEA4EE /* Pods-zemogaMobileiOS.debug.xcconfig */,
				50AC4EA7B5A9ED6D27FA2EBF /* Pods-zemogaMobileiOS.release.xcconfig */,
				C2837DA068539210E102A954 /* Pods-zemogaMobileiOS-zemogaMobileiOSUITests.debug.xcconfig */,
				8DD953E71425E6EE86FBC2B6 /* Pods-zemogaMobileiOS-zemogaMobileiOSUITests.release.xcconfig */,
				ACF5ED8E9A7B41FCDB8E0ABC /* Pods-zemogaMobileiOSTests.debug.xcconfig */,
				748B1530E18362AED6F8EEFD /* Pods-zemogaMobileiOSTests.release.xcconfig */,
			);
			path = Pods;
			sourceTree = "<group>";
		};
/* End PBXGroup section */

/* Begin PBXNativeTarget section */
		48881BD929056D5A0096FAF8 /* zemogaMobileiOS */ = {
			isa = PBXNativeTarget;
			buildConfigurationList = 48881C0429056D5D0096FAF8 /* Build configuration list for PBXNativeTarget "zemogaMobileiOS" */;
			buildPhases = (
				568F44BFC0681E9EA5EB9CFE /* [CP] Check Pods Manifest.lock */,
				48881BD629056D5A0096FAF8 /* Sources */,
				48881BD729056D5A0096FAF8 /* Frameworks */,
				48881BD829056D5A0096FAF8 /* Resources */,
				2DEC7C57A930338DED26C52F /* [CP] Embed Pods Frameworks */,
			);
			buildRules = (
			);
			dependencies = (
			);
			name = zemogaMobileiOS;
			productName = zemogaMobileiOS;
			productReference = 48881BDA29056D5A0096FAF8 /* zemogaMobileiOS.app */;
			productType = "com.apple.product-type.application";
		};
		48881BEF29056D5D0096FAF8 /* zemogaMobileiOSTests */ = {
			isa = PBXNativeTarget;
			buildConfigurationList = 48881C0729056D5D0096FAF8 /* Build configuration list for PBXNativeTarget "zemogaMobileiOSTests" */;
			buildPhases = (
				EF179438FEA25880FE5F519C /* [CP] Check Pods Manifest.lock */,
				48881BEC29056D5D0096FAF8 /* Sources */,
				48881BED29056D5D0096FAF8 /* Frameworks */,
				48881BEE29056D5D0096FAF8 /* Resources */,
			);
			buildRules = (
			);
			dependencies = (
				48881BF229056D5D0096FAF8 /* PBXTargetDependency */,
			);
			name = zemogaMobileiOSTests;
			productName = zemogaMobileiOSTests;
			productReference = 48881BF029056D5D0096FAF8 /* zemogaMobileiOSTests.xctest */;
			productType = "com.apple.product-type.bundle.unit-test";
		};
		48881BF929056D5D0096FAF8 /* zemogaMobileiOSUITests */ = {
			isa = PBXNativeTarget;
			buildConfigurationList = 48881C0A29056D5D0096FAF8 /* Build configuration list for PBXNativeTarget "zemogaMobileiOSUITests" */;
			buildPhases = (
				CAB20FD08570D7BE441C113F /* [CP] Check Pods Manifest.lock */,
				48881BF629056D5D0096FAF8 /* Sources */,
				48881BF729056D5D0096FAF8 /* Frameworks */,
				48881BF829056D5D0096FAF8 /* Resources */,
				78DF5DE897A28853487983A0 /* [CP] Embed Pods Frameworks */,
			);
			buildRules = (
			);
			dependencies = (
				48881BFC29056D5D0096FAF8 /* PBXTargetDependency */,
			);
			name = zemogaMobileiOSUITests;
			productName = zemogaMobileiOSUITests;
			productReference = 48881BFA29056D5D0096FAF8 /* zemogaMobileiOSUITests.xctest */;
			productType = "com.apple.product-type.bundle.ui-testing";
		};
/* End PBXNativeTarget section */

/* Begin PBXProject section */
		48881BD229056D5A0096FAF8 /* Project object */ = {
			isa = PBXProject;
			attributes = {
				BuildIndependentTargetsInParallel = 1;
				LastSwiftUpdateCheck = 1400;
				LastUpgradeCheck = 1400;
				TargetAttributes = {
					48881BD929056D5A0096FAF8 = {
						CreatedOnToolsVersion = 14.0.1;
					};
					48881BEF29056D5D0096FAF8 = {
						CreatedOnToolsVersion = 14.0.1;
						TestTargetID = 48881BD929056D5A0096FAF8;
					};
					48881BF929056D5D0096FAF8 = {
						CreatedOnToolsVersion = 14.0.1;
						TestTargetID = 48881BD929056D5A0096FAF8;
					};
				};
			};
			buildConfigurationList = 48881BD529056D5A0096FAF8 /* Build configuration list for PBXProject "zemogaMobileiOS" */;
			compatibilityVersion = "Xcode 14.0";
			developmentRegion = en;
			hasScannedForEncodings = 0;
			knownRegions = (
				en,
				Base,
			);
			mainGroup = 48881BD129056D5A0096FAF8;
			productRefGroup = 48881BDB29056D5A0096FAF8 /* Products */;
			projectDirPath = "";
			projectRoot = "";
			targets = (
				48881BD929056D5A0096FAF8 /* zemogaMobileiOS */,
				48881BEF29056D5D0096FAF8 /* zemogaMobileiOSTests */,
				48881BF929056D5D0096FAF8 /* zemogaMobileiOSUITests */,
			);
		};
/* End PBXProject section */

/* Begin PBXResourcesBuildPhase section */
		48881BD829056D5A0096FAF8 /* Resources */ = {
			isa = PBXResourcesBuildPhase;
			buildActionMask = 2147483647;
			files = (
				48881BEA29056D5D0096FAF8 /* LaunchScreen.storyboard in Resources */,
				48881C562905745B0096FAF8 /* CommentTableViewCell.xib in Resources */,
				48881BE729056D5D0096FAF8 /* Assets.xcassets in Resources */,
				48881C50290574400096FAF8 /* PostDetailViewController.xib in Resources */,
				48881C352905741A0096FAF8 /* HomeViewController.xib in Resources */,
				48881C62290574710096FAF8 /* UserDetailViewController.xib in Resources */,
				48881C402905742B0096FAF8 /* PostTableViewCell.xib in Resources */,
			);
			runOnlyForDeploymentPostprocessing = 0;
		};
		48881BEE29056D5D0096FAF8 /* Resources */ = {
			isa = PBXResourcesBuildPhase;
			buildActionMask = 2147483647;
			files = (
			);
			runOnlyForDeploymentPostprocessing = 0;
		};
		48881BF829056D5D0096FAF8 /* Resources */ = {
			isa = PBXResourcesBuildPhase;
			buildActionMask = 2147483647;
			files = (
			);
			runOnlyForDeploymentPostprocessing = 0;
		};
/* End PBXResourcesBuildPhase section */

/* Begin PBXShellScriptBuildPhase section */
		2DEC7C57A930338DED26C52F /* [CP] Embed Pods Frameworks */ = {
			isa = PBXShellScriptBuildPhase;
			buildActionMask = 2147483647;
			files = (
			);
			inputFileListPaths = (
				"${PODS_ROOT}/Target Support Files/Pods-zemogaMobileiOS/Pods-zemogaMobileiOS-frameworks-${CONFIGURATION}-input-files.xcfilelist",
			);
			name = "[CP] Embed Pods Frameworks";
			outputFileListPaths = (
				"${PODS_ROOT}/Target Support Files/Pods-zemogaMobileiOS/Pods-zemogaMobileiOS-frameworks-${CONFIGURATION}-output-files.xcfilelist",
			);
			runOnlyForDeploymentPostprocessing = 0;
			shellPath = /bin/sh;
			shellScript = "\"${PODS_ROOT}/Target Support Files/Pods-zemogaMobileiOS/Pods-zemogaMobileiOS-frameworks.sh\"\n";
			showEnvVarsInLog = 0;
		};
		568F44BFC0681E9EA5EB9CFE /* [CP] Check Pods Manifest.lock */ = {
			isa = PBXShellScriptBuildPhase;
			buildActionMask = 2147483647;
			files = (
			);
			inputFileListPaths = (
			);
			inputPaths = (
				"${PODS_PODFILE_DIR_PATH}/Podfile.lock",
				"${PODS_ROOT}/Manifest.lock",
			);
			name = "[CP] Check Pods Manifest.lock";
			outputFileListPaths = (
			);
			outputPaths = (
				"$(DERIVED_FILE_DIR)/Pods-zemogaMobileiOS-checkManifestLockResult.txt",
			);
			runOnlyForDeploymentPostprocessing = 0;
			shellPath = /bin/sh;
			shellScript = "diff \"${PODS_PODFILE_DIR_PATH}/Podfile.lock\" \"${PODS_ROOT}/Manifest.lock\" > /dev/null\nif [ $? != 0 ] ; then\n    # print error to STDERR\n    echo \"error: The sandbox is not in sync with the Podfile.lock. Run 'pod install' or update your CocoaPods installation.\" >&2\n    exit 1\nfi\n# This output is used by Xcode 'outputs' to avoid re-running this script phase.\necho \"SUCCESS\" > \"${SCRIPT_OUTPUT_FILE_0}\"\n";
			showEnvVarsInLog = 0;
		};
		78DF5DE897A28853487983A0 /* [CP] Embed Pods Frameworks */ = {
			isa = PBXShellScriptBuildPhase;
			buildActionMask = 2147483647;
			files = (
			);
			inputFileListPaths = (
				"${PODS_ROOT}/Target Support Files/Pods-zemogaMobileiOS-zemogaMobileiOSUITests/Pods-zemogaMobileiOS-zemogaMobileiOSUITests-frameworks-${CONFIGURATION}-input-files.xcfilelist",
			);
			name = "[CP] Embed Pods Frameworks";
			outputFileListPaths = (
				"${PODS_ROOT}/Target Support Files/Pods-zemogaMobileiOS-zemogaMobileiOSUITests/Pods-zemogaMobileiOS-zemogaMobileiOSUITests-frameworks-${CONFIGURATION}-output-files.xcfilelist",
			);
			runOnlyForDeploymentPostprocessing = 0;
			shellPath = /bin/sh;
			shellScript = "\"${PODS_ROOT}/Target Support Files/Pods-zemogaMobileiOS-zemogaMobileiOSUITests/Pods-zemogaMobileiOS-zemogaMobileiOSUITests-frameworks.sh\"\n";
			showEnvVarsInLog = 0;
		};
		CAB20FD08570D7BE441C113F /* [CP] Check Pods Manifest.lock */ = {
			isa = PBXShellScriptBuildPhase;
			buildActionMask = 2147483647;
			files = (
			);
			inputFileListPaths = (
			);
			inputPaths = (
				"${PODS_PODFILE_DIR_PATH}/Podfile.lock",
				"${PODS_ROOT}/Manifest.lock",
			);
			name = "[CP] Check Pods Manifest.lock";
			outputFileListPaths = (
			);
			outputPaths = (
				"$(DERIVED_FILE_DIR)/Pods-zemogaMobileiOS-zemogaMobileiOSUITests-checkManifestLockResult.txt",
			);
			runOnlyForDeploymentPostprocessing = 0;
			shellPath = /bin/sh;
			shellScript = "diff \"${PODS_PODFILE_DIR_PATH}/Podfile.lock\" \"${PODS_ROOT}/Manifest.lock\" > /dev/null\nif [ $? != 0 ] ; then\n    # print error to STDERR\n    echo \"error: The sandbox is not in sync with the Podfile.lock. Run 'pod install' or update your CocoaPods installation.\" >&2\n    exit 1\nfi\n# This output is used by Xcode 'outputs' to avoid re-running this script phase.\necho \"SUCCESS\" > \"${SCRIPT_OUTPUT_FILE_0}\"\n";
			showEnvVarsInLog = 0;
		};
		EF179438FEA25880FE5F519C /* [CP] Check Pods Manifest.lock */ = {
			isa = PBXShellScriptBuildPhase;
			buildActionMask = 2147483647;
			files = (
			);
			inputFileListPaths = (
			);
			inputPaths = (
				"${PODS_PODFILE_DIR_PATH}/Podfile.lock",
				"${PODS_ROOT}/Manifest.lock",
			);
			name = "[CP] Check Pods Manifest.lock";
			outputFileListPaths = (
			);
			outputPaths = (
				"$(DERIVED_FILE_DIR)/Pods-zemogaMobileiOSTests-checkManifestLockResult.txt",
			);
			runOnlyForDeploymentPostprocessing = 0;
			shellPath = /bin/sh;
			shellScript = "diff \"${PODS_PODFILE_DIR_PATH}/Podfile.lock\" \"${PODS_ROOT}/Manifest.lock\" > /dev/null\nif [ $? != 0 ] ; then\n    # print error to STDERR\n    echo \"error: The sandbox is not in sync with the Podfile.lock. Run 'pod install' or update your CocoaPods installation.\" >&2\n    exit 1\nfi\n# This output is used by Xcode 'outputs' to avoid re-running this script phase.\necho \"SUCCESS\" > \"${SCRIPT_OUTPUT_FILE_0}\"\n";
			showEnvVarsInLog = 0;
		};
/* End PBXShellScriptBuildPhase section */

/* Begin PBXSourcesBuildPhase section */
		48881BD629056D5A0096FAF8 /* Sources */ = {
			isa = PBXSourcesBuildPhase;
			buildActionMask = 2147483647;
			files = (
				48881C4F290574400096FAF8 /* PostDetailModel.swift in Sources */,
				48881C51290574400096FAF8 /* PostDetailConfiguration.swift in Sources */,
				48881C552905745B0096FAF8 /* CommentTableViewCell.swift in Sources */,
				48881C3C2905741A0096FAF8 /* HomeManager.swift in Sources */,
				48881BDE29056D5A0096FAF8 /* AppDelegate.swift in Sources */,
				48881C412905742B0096FAF8 /* PostTableViewCell.swift in Sources */,
				48881C29290573E70096FAF8 /* Endpoint.swift in Sources */,
				48881C26290573E70096FAF8 /* Extensions.swift in Sources */,
				48881C382905741A0096FAF8 /* HomePresenter.swift in Sources */,
				48881C3B2905741A0096FAF8 /* HomeRouter.swift in Sources */,
				48881C61290574710096FAF8 /* UserDetailPresenter.swift in Sources */,
				48881C1F290573D30096FAF8 /* Defaults.swift in Sources */,
				48881C60290574710096FAF8 /* UserDetailViewController.swift in Sources */,
				48881C65290574710096FAF8 /* UserDetailConfiguration.swift in Sources */,
				48881C4E290574400096FAF8 /* PostDetailManager.swift in Sources */,
				48881C28290573E70096FAF8 /* Connection.swift in Sources */,
				48881C5F290574710096FAF8 /* UserDetailModel.swift in Sources */,
				48881C1E290573D30096FAF8 /* Mapper.swift in Sources */,
				48881C392905741A0096FAF8 /* HomeInteractor.swift in Sources */,
				48881BE029056D5A0096FAF8 /* SceneDelegate.swift in Sources */,
				48881C372905741A0096FAF8 /* HomeViewController.swift in Sources */,
				48881C63290574710096FAF8 /* UserDetailInteractor.swift in Sources */,
				48881C4A290574400096FAF8 /* PostDetailViewController.swift in Sources */,
				48881C3A2905741A0096FAF8 /* HomeModel.swift in Sources */,
				48881C27290573E70096FAF8 /* RealmManager.swift in Sources */,
				48881C25290573E70096FAF8 /* JSONHelper.swift in Sources */,
				48881C4D290574400096FAF8 /* PostDetailInteractor.swift in Sources */,
				48881C4C290574400096FAF8 /* PostDetailPresenter.swift in Sources */,
				48881C362905741A0096FAF8 /* HomeConfiguration.swift in Sources */,
				48881C64290574710096FAF8 /* UserDetailRouter.swift in Sources */,
				48881C4B290574400096FAF8 /* PostDetailRouter.swift in Sources */,
				48881C66290574710096FAF8 /* UserDetailManager.swift in Sources */,
			);
			runOnlyForDeploymentPostprocessing = 0;
		};
		48881BEC29056D5D0096FAF8 /* Sources */ = {
			isa = PBXSourcesBuildPhase;
			buildActionMask = 2147483647;
			files = (
				48881BF529056D5D0096FAF8 /* zemogaMobileiOSTests.swift in Sources */,
			);
			runOnlyForDeploymentPostprocessing = 0;
		};
		48881BF629056D5D0096FAF8 /* Sources */ = {
			isa = PBXSourcesBuildPhase;
			buildActionMask = 2147483647;
			files = (
				48881BFF29056D5D0096FAF8 /* zemogaMobileiOSUITests.swift in Sources */,
				48881C0129056D5D0096FAF8 /* zemogaMobileiOSUITestsLaunchTests.swift in Sources */,
			);
			runOnlyForDeploymentPostprocessing = 0;
		};
/* End PBXSourcesBuildPhase section */

/* Begin PBXTargetDependency section */
		48881BF229056D5D0096FAF8 /* PBXTargetDependency */ = {
			isa = PBXTargetDependency;
			target = 48881BD929056D5A0096FAF8 /* zemogaMobileiOS */;
			targetProxy = 48881BF129056D5D0096FAF8 /* PBXContainerItemProxy */;
		};
		48881BFC29056D5D0096FAF8 /* PBXTargetDependency */ = {
			isa = PBXTargetDependency;
			target = 48881BD929056D5A0096FAF8 /* zemogaMobileiOS */;
			targetProxy = 48881BFB29056D5D0096FAF8 /* PBXContainerItemProxy */;
		};
/* End PBXTargetDependency section */

/* Begin PBXVariantGroup section */
		48881BE829056D5D0096FAF8 /* LaunchScreen.storyboard */ = {
			isa = PBXVariantGroup;
			children = (
				48881BE929056D5D0096FAF8 /* Base */,
			);
			name = LaunchScreen.storyboard;
			sourceTree = "<group>";
		};
/* End PBXVariantGroup section */

/* Begin XCBuildConfiguration section */
		48881C0229056D5D0096FAF8 /* Debug */ = {
			isa = XCBuildConfiguration;
			buildSettings = {
				ALWAYS_SEARCH_USER_PATHS = NO;
				CLANG_ANALYZER_NONNULL = YES;
				CLANG_ANALYZER_NUMBER_OBJECT_CONVERSION = YES_AGGRESSIVE;
				CLANG_CXX_LANGUAGE_STANDARD = "gnu++20";
				CLANG_ENABLE_MODULES = YES;
				CLANG_ENABLE_OBJC_ARC = YES;
				CLANG_ENABLE_OBJC_WEAK = YES;
				CLANG_WARN_BLOCK_CAPTURE_AUTORELEASING = YES;
				CLANG_WARN_BOOL_CONVERSION = YES;
				CLANG_WARN_COMMA = YES;
				CLANG_WARN_CONSTANT_CONVERSION = YES;
				CLANG_WARN_DEPRECATED_OBJC_IMPLEMENTATIONS = YES;
				CLANG_WARN_DIRECT_OBJC_ISA_USAGE = YES_ERROR;
				CLANG_WARN_DOCUMENTATION_COMMENTS = YES;
				CLANG_WARN_EMPTY_BODY = YES;
				CLANG_WARN_ENUM_CONVERSION = YES;
				CLANG_WARN_INFINITE_RECURSION = YES;
				CLANG_WARN_INT_CONVERSION = YES;
				CLANG_WARN_NON_LITERAL_NULL_CONVERSION = YES;
				CLANG_WARN_OBJC_IMPLICIT_RETAIN_SELF = YES;
				CLANG_WARN_OBJC_LITERAL_CONVERSION = YES;
				CLANG_WARN_OBJC_ROOT_CLASS = YES_ERROR;
				CLANG_WARN_QUOTED_INCLUDE_IN_FRAMEWORK_HEADER = YES;
				CLANG_WARN_RANGE_LOOP_ANALYSIS = YES;
				CLANG_WARN_STRICT_PROTOTYPES = YES;
				CLANG_WARN_SUSPICIOUS_MOVE = YES;
				CLANG_WARN_UNGUARDED_AVAILABILITY = YES_AGGRESSIVE;
				CLANG_WARN_UNREACHABLE_CODE = YES;
				CLANG_WARN__DUPLICATE_METHOD_MATCH = YES;
				COPY_PHASE_STRIP = NO;
				DEBUG_INFORMATION_FORMAT = dwarf;
				ENABLE_STRICT_OBJC_MSGSEND = YES;
				ENABLE_TESTABILITY = YES;
				GCC_C_LANGUAGE_STANDARD = gnu11;
				GCC_DYNAMIC_NO_PIC = NO;
				GCC_NO_COMMON_BLOCKS = YES;
				GCC_OPTIMIZATION_LEVEL = 0;
				GCC_PREPROCESSOR_DEFINITIONS = (
					"DEBUG=1",
					"$(inherited)",
				);
				GCC_WARN_64_TO_32_BIT_CONVERSION = YES;
				GCC_WARN_ABOUT_RETURN_TYPE = YES_ERROR;
				GCC_WARN_UNDECLARED_SELECTOR = YES;
				GCC_WARN_UNINITIALIZED_AUTOS = YES_AGGRESSIVE;
				GCC_WARN_UNUSED_FUNCTION = YES;
				GCC_WARN_UNUSED_VARIABLE = YES;
				IPHONEOS_DEPLOYMENT_TARGET = 16.0;
				MTL_ENABLE_DEBUG_INFO = INCLUDE_SOURCE;
				MTL_FAST_MATH = YES;
				ONLY_ACTIVE_ARCH = YES;
				SDKROOT = iphoneos;
				SWIFT_ACTIVE_COMPILATION_CONDITIONS = DEBUG;
				SWIFT_OPTIMIZATION_LEVEL = "-Onone";
			};
			name = Debug;
		};
		48881C0329056D5D0096FAF8 /* Release */ = {
			isa = XCBuildConfiguration;
			buildSettings = {
				ALWAYS_SEARCH_USER_PATHS = NO;
				CLANG_ANALYZER_NONNULL = YES;
				CLANG_ANALYZER_NUMBER_OBJECT_CONVERSION = YES_AGGRESSIVE;
				CLANG_CXX_LANGUAGE_STANDARD = "gnu++20";
				CLANG_ENABLE_MODULES = YES;
				CLANG_ENABLE_OBJC_ARC = YES;
				CLANG_ENABLE_OBJC_WEAK = YES;
				CLANG_WARN_BLOCK_CAPTURE_AUTORELEASING = YES;
				CLANG_WARN_BOOL_CONVERSION = YES;
				CLANG_WARN_COMMA = YES;
				CLANG_WARN_CONSTANT_CONVERSION = YES;
				CLANG_WARN_DEPRECATED_OBJC_IMPLEMENTATIONS = YES;
				CLANG_WARN_DIRECT_OBJC_ISA_USAGE = YES_ERROR;
				CLANG_WARN_DOCUMENTATION_COMMENTS = YES;
				CLANG_WARN_EMPTY_BODY = YES;
				CLANG_WARN_ENUM_CONVERSION = YES;
				CLANG_WARN_INFINITE_RECURSION = YES;
				CLANG_WARN_INT_CONVERSION = YES;
				CLANG_WARN_NON_LITERAL_NULL_CONVERSION = YES;
				CLANG_WARN_OBJC_IMPLICIT_RETAIN_SELF = YES;
				CLANG_WARN_OBJC_LITERAL_CONVERSION = YES;
				CLANG_WARN_OBJC_ROOT_CLASS = YES_ERROR;
				CLANG_WARN_QUOTED_INCLUDE_IN_FRAMEWORK_HEADER = YES;
				CLANG_WARN_RANGE_LOOP_ANALYSIS = YES;
				CLANG_WARN_STRICT_PROTOTYPES = YES;
				CLANG_WARN_SUSPICIOUS_MOVE = YES;
				CLANG_WARN_UNGUARDED_AVAILABILITY = YES_AGGRESSIVE;
				CLANG_WARN_UNREACHABLE_CODE = YES;
				CLANG_WARN__DUPLICATE_METHOD_MATCH = YES;
				COPY_PHASE_STRIP = NO;
				DEBUG_INFORMATION_FORMAT = "dwarf-with-dsym";
				ENABLE_NS_ASSERTIONS = NO;
				ENABLE_STRICT_OBJC_MSGSEND = YES;
				GCC_C_LANGUAGE_STANDARD = gnu11;
				GCC_NO_COMMON_BLOCKS = YES;
				GCC_WARN_64_TO_32_BIT_CONVERSION = YES;
				GCC_WARN_ABOUT_RETURN_TYPE = YES_ERROR;
				GCC_WARN_UNDECLARED_SELECTOR = YES;
				GCC_WARN_UNINITIALIZED_AUTOS = YES_AGGRESSIVE;
				GCC_WARN_UNUSED_FUNCTION = YES;
				GCC_WARN_UNUSED_VARIABLE = YES;
				IPHONEOS_DEPLOYMENT_TARGET = 16.0;
				MTL_ENABLE_DEBUG_INFO = NO;
				MTL_FAST_MATH = YES;
				SDKROOT = iphoneos;
				SWIFT_COMPILATION_MODE = wholemodule;
				SWIFT_OPTIMIZATION_LEVEL = "-O";
				VALIDATE_PRODUCT = YES;
			};
			name = Release;
		};
		48881C0529056D5D0096FAF8 /* Debug */ = {
			isa = XCBuildConfiguration;
			baseConfigurationReference = 097CE325D5D50F88F6DEA4EE /* Pods-zemogaMobileiOS.debug.xcconfig */;
			buildSettings = {
				ASSETCATALOG_COMPILER_APPICON_NAME = AppIcon;
				ASSETCATALOG_COMPILER_GLOBAL_ACCENT_COLOR_NAME = AccentColor;
				CODE_SIGN_STYLE = Automatic;
				CURRENT_PROJECT_VERSION = 1;
				DEVELOPMENT_TEAM = 28UNC76MDZ;
				GENERATE_INFOPLIST_FILE = YES;
				INFOPLIST_FILE = zemogaMobileiOS/Info.plist;
				INFOPLIST_KEY_UIApplicationSupportsIndirectInputEvents = YES;
				INFOPLIST_KEY_UILaunchStoryboardName = LaunchScreen;
				INFOPLIST_KEY_UISupportedInterfaceOrientations = UIInterfaceOrientationPortrait;
				INFOPLIST_KEY_UISupportedInterfaceOrientations_iPad = "UIInterfaceOrientationLandscapeLeft UIInterfaceOrientationLandscapeRight UIInterfaceOrientationPortrait UIInterfaceOrientationPortraitUpsideDown";
				LD_RUNPATH_SEARCH_PATHS = (
					"$(inherited)",
					"@executable_path/Frameworks",
				);
				MARKETING_VERSION = 1.0;
				PRODUCT_BUNDLE_IDENTIFIER = com.oscarmyerston.zemogaMobileiOS;
				PRODUCT_NAME = "$(TARGET_NAME)";
				SUPPORTED_PLATFORMS = "iphoneos iphonesimulator";
				SUPPORTS_MACCATALYST = NO;
				SUPPORTS_MAC_DESIGNED_FOR_IPHONE_IPAD = NO;
				SWIFT_EMIT_LOC_STRINGS = YES;
				SWIFT_VERSION = 5.0;
				TARGETED_DEVICE_FAMILY = 1;
			};
			name = Debug;
		};
		48881C0629056D5D0096FAF8 /* Release */ = {
			isa = XCBuildConfiguration;
			baseConfigurationReference = 50AC4EA7B5A9ED6D27FA2EBF /* Pods-zemogaMobileiOS.release.xcconfig */;
			buildSettings = {
				ASSETCATALOG_COMPILER_APPICON_NAME = AppIcon;
				ASSETCATALOG_COMPILER_GLOBAL_ACCENT_COLOR_NAME = AccentColor;
				CODE_SIGN_STYLE = Automatic;
				CURRENT_PROJECT_VERSION = 1;
				DEVELOPMENT_TEAM = 28UNC76MDZ;
				GENERATE_INFOPLIST_FILE = YES;
				INFOPLIST_FILE = zemogaMobileiOS/Info.plist;
				INFOPLIST_KEY_UIApplicationSupportsIndirectInputEvents = YES;
				INFOPLIST_KEY_UILaunchStoryboardName = LaunchScreen;
				INFOPLIST_KEY_UISupportedInterfaceOrientations = UIInterfaceOrientationPortrait;
				INFOPLIST_KEY_UISupportedInterfaceOrientations_iPad = "UIInterfaceOrientationLandscapeLeft UIInterfaceOrientationLandscapeRight UIInterfaceOrientationPortrait UIInterfaceOrientationPortraitUpsideDown";
				LD_RUNPATH_SEARCH_PATHS = (
					"$(inherited)",
					"@executable_path/Frameworks",
				);
				MARKETING_VERSION = 1.0;
				PRODUCT_BUNDLE_IDENTIFIER = com.oscarmyerston.zemogaMobileiOS;
				PRODUCT_NAME = "$(TARGET_NAME)";
				SUPPORTED_PLATFORMS = "iphoneos iphonesimulator";
				SUPPORTS_MACCATALYST = NO;
				SUPPORTS_MAC_DESIGNED_FOR_IPHONE_IPAD = NO;
				SWIFT_EMIT_LOC_STRINGS = YES;
				SWIFT_VERSION = 5.0;
				TARGETED_DEVICE_FAMILY = 1;
			};
			name = Release;
		};
		48881C0829056D5D0096FAF8 /* Debug */ = {
			isa = XCBuildConfiguration;
			baseConfigurationReference = ACF5ED8E9A7B41FCDB8E0ABC /* Pods-zemogaMobileiOSTests.debug.xcconfig */;
			buildSettings = {
				ALWAYS_EMBED_SWIFT_STANDARD_LIBRARIES = YES;
				BUNDLE_LOADER = "$(TEST_HOST)";
				CODE_SIGN_STYLE = Automatic;
				CURRENT_PROJECT_VERSION = 1;
				DEVELOPMENT_TEAM = 28UNC76MDZ;
				GENERATE_INFOPLIST_FILE = YES;
				IPHONEOS_DEPLOYMENT_TARGET = 16.0;
				MARKETING_VERSION = 1.0;
				PRODUCT_BUNDLE_IDENTIFIER = com.oscarmyerston.zemogaMobileiOSTests;
				PRODUCT_NAME = "$(TARGET_NAME)";
				SWIFT_EMIT_LOC_STRINGS = NO;
				SWIFT_VERSION = 5.0;
				TARGETED_DEVICE_FAMILY = "1,2";
				TEST_HOST = "$(BUILT_PRODUCTS_DIR)/zemogaMobileiOS.app/$(BUNDLE_EXECUTABLE_FOLDER_PATH)/zemogaMobileiOS";
			};
			name = Debug;
		};
		48881C0929056D5D0096FAF8 /* Release */ = {
			isa = XCBuildConfiguration;
			baseConfigurationReference = 748B1530E18362AED6F8EEFD /* Pods-zemogaMobileiOSTests.release.xcconfig */;
			buildSettings = {
				ALWAYS_EMBED_SWIFT_STANDARD_LIBRARIES = YES;
				BUNDLE_LOADER = "$(TEST_HOST)";
				CODE_SIGN_STYLE = Automatic;
				CURRENT_PROJECT_VERSION = 1;
				DEVELOPMENT_TEAM = 28UNC76MDZ;
				GENERATE_INFOPLIST_FILE = YES;
				IPHONEOS_DEPLOYMENT_TARGET = 16.0;
				MARKETING_VERSION = 1.0;
				PRODUCT_BUNDLE_IDENTIFIER = com.oscarmyerston.zemogaMobileiOSTests;
				PRODUCT_NAME = "$(TARGET_NAME)";
				SWIFT_EMIT_LOC_STRINGS = NO;
				SWIFT_VERSION = 5.0;
				TARGETED_DEVICE_FAMILY = "1,2";
				TEST_HOST = "$(BUILT_PRODUCTS_DIR)/zemogaMobileiOS.app/$(BUNDLE_EXECUTABLE_FOLDER_PATH)/zemogaMobileiOS";
			};
			name = Release;
		};
		48881C0B29056D5D0096FAF8 /* Debug */ = {
			isa = XCBuildConfiguration;
			baseConfigurationReference = C2837DA068539210E102A954 /* Pods-zemogaMobileiOS-zemogaMobileiOSUITests.debug.xcconfig */;
			buildSettings = {
				ALWAYS_EMBED_SWIFT_STANDARD_LIBRARIES = YES;
				CODE_SIGN_STYLE = Automatic;
				CURRENT_PROJECT_VERSION = 1;
				DEVELOPMENT_TEAM = 28UNC76MDZ;
				GENERATE_INFOPLIST_FILE = YES;
				MARKETING_VERSION = 1.0;
				PRODUCT_BUNDLE_IDENTIFIER = com.oscarmyerston.zemogaMobileiOSUITests;
				PRODUCT_NAME = "$(TARGET_NAME)";
				SWIFT_EMIT_LOC_STRINGS = NO;
				SWIFT_VERSION = 5.0;
				TARGETED_DEVICE_FAMILY = "1,2";
				TEST_TARGET_NAME = zemogaMobileiOS;
			};
			name = Debug;
		};
		48881C0C29056D5D0096FAF8 /* Release */ = {
			isa = XCBuildConfiguration;
			baseConfigurationReference = 8DD953E71425E6EE86FBC2B6 /* Pods-zemogaMobileiOS-zemogaMobileiOSUITests.release.xcconfig */;
			buildSettings = {
				ALWAYS_EMBED_SWIFT_STANDARD_LIBRARIES = YES;
				CODE_SIGN_STYLE = Automatic;
				CURRENT_PROJECT_VERSION = 1;
				DEVELOPMENT_TEAM = 28UNC76MDZ;
				GENERATE_INFOPLIST_FILE = YES;
				MARKETING_VERSION = 1.0;
				PRODUCT_BUNDLE_IDENTIFIER = com.oscarmyerston.zemogaMobileiOSUITests;
				PRODUCT_NAME = "$(TARGET_NAME)";
				SWIFT_EMIT_LOC_STRINGS = NO;
				SWIFT_VERSION = 5.0;
				TARGETED_DEVICE_FAMILY = "1,2";
				TEST_TARGET_NAME = zemogaMobileiOS;
			};
			name = Release;
		};
/* End XCBuildConfiguration section */

/* Begin XCConfigurationList section */
		48881BD529056D5A0096FAF8 /* Build configuration list for PBXProject "zemogaMobileiOS" */ = {
			isa = XCConfigurationList;
			buildConfigurations = (
				48881C0229056D5D0096FAF8 /* Debug */,
				48881C0329056D5D0096FAF8 /* Release */,
			);
			defaultConfigurationIsVisible = 0;
			defaultConfigurationName = Release;
		};
		48881C0429056D5D0096FAF8 /* Build configuration list for PBXNativeTarget "zemogaMobileiOS" */ = {
			isa = XCConfigurationList;
			buildConfigurations = (
				48881C0529056D5D0096FAF8 /* Debug */,
				48881C0629056D5D0096FAF8 /* Release */,
			);
			defaultConfigurationIsVisible = 0;
			defaultConfigurationName = Release;
		};
		48881C0729056D5D0096FAF8 /* Build configuration list for PBXNativeTarget "zemogaMobileiOSTests" */ = {
			isa = XCConfigurationList;
			buildConfigurations = (
				48881C0829056D5D0096FAF8 /* Debug */,
				48881C0929056D5D0096FAF8 /* Release */,
			);
			defaultConfigurationIsVisible = 0;
			defaultConfigurationName = Release;
		};
		48881C0A29056D5D0096FAF8 /* Build configuration list for PBXNativeTarget "zemogaMobileiOSUITests" */ = {
			isa = XCConfigurationList;
			buildConfigurations = (
				48881C0B29056D5D0096FAF8 /* Debug */,
				48881C0C29056D5D0096FAF8 /* Release */,
			);
			defaultConfigurationIsVisible = 0;
			defaultConfigurationName = Release;
		};
/* End XCConfigurationList section */
	};
	rootObject = 48881BD229056D5A0096FAF8 /* Project object */;
}
